// !$*UTF8*$!
{
	archiveVersion = 1;
	classes = {
	};
	objectVersion = 55;
	objects = {

/* Begin PBXBuildFile section */
		EA06AE7C282D56B200D84D7A /* RoundUIImageView.swift in Sources */ = {isa = PBXBuildFile; fileRef = EA06AE7B282D56B200D84D7A /* RoundUIImageView.swift */; };
		EA071DD1285648AA008CC78C /* FindGroupPageVC.swift in Sources */ = {isa = PBXBuildFile; fileRef = EA071DD0285648AA008CC78C /* FindGroupPageVC.swift */; };
		EA086E282886DE3600055825 /* GroupPageVC.swift in Sources */ = {isa = PBXBuildFile; fileRef = EA086E272886DE3600055825 /* GroupPageVC.swift */; };
		EA2D13AC2857C15B0052E9BC /* NewGroupFirstPageVC.swift in Sources */ = {isa = PBXBuildFile; fileRef = EA2D13AB2857C15B0052E9BC /* NewGroupFirstPageVC.swift */; };
		EA481B2F283676AE00719282 /* PopUpView.swift in Sources */ = {isa = PBXBuildFile; fileRef = EA481B2E283676AE00719282 /* PopUpView.swift */; };
		EA481B312836778300719282 /* RoundCornerButton.swift in Sources */ = {isa = PBXBuildFile; fileRef = EA481B302836778300719282 /* RoundCornerButton.swift */; };
		EA481B352836BA2F00719282 /* Protocols.swift in Sources */ = {isa = PBXBuildFile; fileRef = EA481B342836BA2E00719282 /* Protocols.swift */; };
		EA485DD7284BC1FF00077373 /* RoundCornerTextField.swift in Sources */ = {isa = PBXBuildFile; fileRef = EA485DD6284BC1FF00077373 /* RoundCornerTextField.swift */; };
		EA485DDC284CC7F900077373 /* GroupCell.swift in Sources */ = {isa = PBXBuildFile; fileRef = EA485DDA284CC7F900077373 /* GroupCell.swift */; };
		EA485DDD284CC7FA00077373 /* GroupCell.xib in Resources */ = {isa = PBXBuildFile; fileRef = EA485DDB284CC7F900077373 /* GroupCell.xib */; };
		EA64E86F28C14E7700CC8964 /* DropDownCell.swift in Sources */ = {isa = PBXBuildFile; fileRef = EA64E86D28C14E7700CC8964 /* DropDownCell.swift */; };
		EA64E87028C14E7700CC8964 /* DropDownCell.xib in Resources */ = {isa = PBXBuildFile; fileRef = EA64E86E28C14E7700CC8964 /* DropDownCell.xib */; };
		EA64E87228C157EB00CC8964 /* EventService.swift in Sources */ = {isa = PBXBuildFile; fileRef = EA64E87128C157EB00CC8964 /* EventService.swift */; };
		EA6B195B283163670042B65B /* ChangePasswordPopupVC.swift in Sources */ = {isa = PBXBuildFile; fileRef = EA6B195A283163670042B65B /* ChangePasswordPopupVC.swift */; };
		EA6B195E2831789A0042B65B /* PersonalInfoPopupVC.swift in Sources */ = {isa = PBXBuildFile; fileRef = EA6B195D2831789A0042B65B /* PersonalInfoPopupVC.swift */; };
		EA6C5A80281D724F00721D7F /* Service.swift in Sources */ = {isa = PBXBuildFile; fileRef = EA6C5A7F281D724F00721D7F /* Service.swift */; };
		EA6C5A82281FD13500721D7F /* MainPageVC.swift in Sources */ = {isa = PBXBuildFile; fileRef = EA6C5A81281FD13400721D7F /* MainPageVC.swift */; };
		EA6C5A85281FD19000721D7F /* ProfilePageVC.swift in Sources */ = {isa = PBXBuildFile; fileRef = EA6C5A84281FD19000721D7F /* ProfilePageVC.swift */; };
		EA78ECB828BB973F004A297F /* SendMeetingInvitationPopupVC.swift in Sources */ = {isa = PBXBuildFile; fileRef = EA78ECB728BB973F004A297F /* SendMeetingInvitationPopupVC.swift */; };
		EA7C698B28B171C30030E755 /* ImagePageVC.swift in Sources */ = {isa = PBXBuildFile; fileRef = EA7C698A28B171C30030E755 /* ImagePageVC.swift */; };
		EA7C698D28B17D510030E755 /* ImagePageStoryboard.storyboard in Resources */ = {isa = PBXBuildFile; fileRef = EA7C698C28B17D510030E755 /* ImagePageStoryboard.storyboard */; };
		EA7C699228B2AD400030E755 /* FriendsPageVC.swift in Sources */ = {isa = PBXBuildFile; fileRef = EA7C699128B2AD3F0030E755 /* FriendsPageVC.swift */; };
		EA7C699428B2CF860030E755 /* ImageOuterView.swift in Sources */ = {isa = PBXBuildFile; fileRef = EA7C699328B2CF860030E755 /* ImageOuterView.swift */; };
		EA7C699828B359670030E755 /* MediaFileCell.swift in Sources */ = {isa = PBXBuildFile; fileRef = EA7C699628B359660030E755 /* MediaFileCell.swift */; };
		EA7C699928B359670030E755 /* MediaFileCell.xib in Resources */ = {isa = PBXBuildFile; fileRef = EA7C699728B359670030E755 /* MediaFileCell.xib */; };
		EA7C699D28B7A7F80030E755 /* EventsPageVC.swift in Sources */ = {isa = PBXBuildFile; fileRef = EA7C699C28B7A7F70030E755 /* EventsPageVC.swift */; };
		EA7C69A028B7B32E0030E755 /* EventHeader.swift in Sources */ = {isa = PBXBuildFile; fileRef = EA7C699F28B7B32E0030E755 /* EventHeader.swift */; };
		EA7C69A228B7B3450030E755 /* EventHeader.xib in Resources */ = {isa = PBXBuildFile; fileRef = EA7C69A128B7B3450030E755 /* EventHeader.xib */; };
		EA7C69A628B7B4DC0030E755 /* EventCell.swift in Sources */ = {isa = PBXBuildFile; fileRef = EA7C69A428B7B4DC0030E755 /* EventCell.swift */; };
		EA7C69A728B7B4DC0030E755 /* EventCell.xib in Resources */ = {isa = PBXBuildFile; fileRef = EA7C69A528B7B4DC0030E755 /* EventCell.xib */; };
		EA9A47A628159280006F8409 /* SignUpPageVC.swift in Sources */ = {isa = PBXBuildFile; fileRef = EA9A47A528159280006F8409 /* SignUpPageVC.swift */; };
		EA9A47B22815A391006F8409 /* DesignableUITextField.swift in Sources */ = {isa = PBXBuildFile; fileRef = EA9A47B12815A391006F8409 /* DesignableUITextField.swift */; };
		EA9A47C42817295C006F8409 /* Extensions.swift in Sources */ = {isa = PBXBuildFile; fileRef = EA9A47C32817295B006F8409 /* Extensions.swift */; };
		EA9E6BC627FCB93E00101170 /* AppDelegate.swift in Sources */ = {isa = PBXBuildFile; fileRef = EA9E6BC527FCB93E00101170 /* AppDelegate.swift */; };
		EA9E6BC827FCB93E00101170 /* SceneDelegate.swift in Sources */ = {isa = PBXBuildFile; fileRef = EA9E6BC727FCB93E00101170 /* SceneDelegate.swift */; };
		EA9E6BCA27FCB93E00101170 /* SignInPageVC.swift in Sources */ = {isa = PBXBuildFile; fileRef = EA9E6BC927FCB93E00101170 /* SignInPageVC.swift */; };
		EA9E6BCD27FCB93E00101170 /* Main.storyboard in Resources */ = {isa = PBXBuildFile; fileRef = EA9E6BCB27FCB93E00101170 /* Main.storyboard */; };
		EA9E6BD027FCB93E00101170 /* SociaLight.xcdatamodeld in Sources */ = {isa = PBXBuildFile; fileRef = EA9E6BCE27FCB93E00101170 /* SociaLight.xcdatamodeld */; };
		EA9E6BD227FCB94100101170 /* Assets.xcassets in Resources */ = {isa = PBXBuildFile; fileRef = EA9E6BD127FCB94100101170 /* Assets.xcassets */; };
		EA9E6BD527FCB94100101170 /* LaunchScreen.storyboard in Resources */ = {isa = PBXBuildFile; fileRef = EA9E6BD327FCB94100101170 /* LaunchScreen.storyboard */; };
		EABCC6622826A4410098EDCA /* TabBarVC.swift in Sources */ = {isa = PBXBuildFile; fileRef = EABCC6612826A4410098EDCA /* TabBarVC.swift */; };
		EAC81DA928C0D6BB00561934 /* NewEventPageVC.swift in Sources */ = {isa = PBXBuildFile; fileRef = EAC81DA828C0D6BB00561934 /* NewEventPageVC.swift */; };
		EAC81DAC28C11FE000561934 /* TasksPageVC.swift in Sources */ = {isa = PBXBuildFile; fileRef = EAC81DAB28C11FDF00561934 /* TasksPageVC.swift */; };
		EAC81DAE28C134E300561934 /* NewEventPageStoryboard.storyboard in Resources */ = {isa = PBXBuildFile; fileRef = EAC81DAD28C134E200561934 /* NewEventPageStoryboard.storyboard */; };
		EAC81DB028C134F100561934 /* TasksPageStoryboard.storyboard in Resources */ = {isa = PBXBuildFile; fileRef = EAC81DAF28C134F100561934 /* TasksPageStoryboard.storyboard */; };
		EAC81DB228C13B5400561934 /* NewTaskPopupVC.swift in Sources */ = {isa = PBXBuildFile; fileRef = EAC81DB128C13B5400561934 /* NewTaskPopupVC.swift */; };
		EAC81DB428C1439700561934 /* RoundCornerView.swift in Sources */ = {isa = PBXBuildFile; fileRef = EAC81DB328C1439700561934 /* RoundCornerView.swift */; };
		EACA50EC285F31D200149482 /* RoundButton.swift in Sources */ = {isa = PBXBuildFile; fileRef = EACA50EB285F31D200149482 /* RoundButton.swift */; };
		EACA50EE285F3EC000149482 /* NewGroupSecondPageVC.swift in Sources */ = {isa = PBXBuildFile; fileRef = EACA50ED285F3EC000149482 /* NewGroupSecondPageVC.swift */; };
		EACA50F62864C89500149482 /* FriendCell.swift in Sources */ = {isa = PBXBuildFile; fileRef = EACA50F42864C89400149482 /* FriendCell.swift */; };
		EACA50F72864C89500149482 /* FriendCell.xib in Resources */ = {isa = PBXBuildFile; fileRef = EACA50F52864C89400149482 /* FriendCell.xib */; };
		EACA50FB2864EAB600149482 /* SelectedFriendCell.swift in Sources */ = {isa = PBXBuildFile; fileRef = EACA50F92864EAB500149482 /* SelectedFriendCell.swift */; };
		EACA50FC2864EAB600149482 /* SelectedFriendCell.xib in Resources */ = {isa = PBXBuildFile; fileRef = EACA50FA2864EAB500149482 /* SelectedFriendCell.xib */; };
		EADEE11B28B90C8A00823ACA /* Global Constants.swift in Sources */ = {isa = PBXBuildFile; fileRef = EADEE11A28B90C8A00823ACA /* Global Constants.swift */; };
		EADF48CA28983649001C4692 /* GroupMembersPageVC.swift in Sources */ = {isa = PBXBuildFile; fileRef = EADF48C928983648001C4692 /* GroupMembersPageVC.swift */; };
		EADF48CC28983BAE001C4692 /* GroupMediaFilesPageVC.swift in Sources */ = {isa = PBXBuildFile; fileRef = EADF48CB28983BAE001C4692 /* GroupMediaFilesPageVC.swift */; };
		EADF48D028998B9E001C4692 /* GroupMemberCell.swift in Sources */ = {isa = PBXBuildFile; fileRef = EADF48CE28998B9E001C4692 /* GroupMemberCell.swift */; };
		EADF48D128998B9E001C4692 /* GroupMemberCell.xib in Resources */ = {isa = PBXBuildFile; fileRef = EADF48CF28998B9E001C4692 /* GroupMemberCell.xib */; };
		EADF48D32899A205001C4692 /* AddGroupMembersPageVC.swift in Sources */ = {isa = PBXBuildFile; fileRef = EADF48D22899A205001C4692 /* AddGroupMembersPageVC.swift */; };
		EADF48D728A00C75001C4692 /* NotificationCell.swift in Sources */ = {isa = PBXBuildFile; fileRef = EADF48D528A00C75001C4692 /* NotificationCell.swift */; };
		EADF48D828A00C75001C4692 /* NotificationCell.xib in Resources */ = {isa = PBXBuildFile; fileRef = EADF48D628A00C75001C4692 /* NotificationCell.xib */; };
		EADF48DB28A17B9E001C4692 /* NotificationsPageVC.swift in Sources */ = {isa = PBXBuildFile; fileRef = EADF48DA28A17B9E001C4692 /* NotificationsPageVC.swift */; };
		EADFCF6F283115D50025EEA6 /* Entities.swift in Sources */ = {isa = PBXBuildFile; fileRef = EADFCF6E283115D50025EEA6 /* Entities.swift */; };
		EAE7D22228A2BB4D0034552F /* NotificationHeader.swift in Sources */ = {isa = PBXBuildFile; fileRef = EAE7D22128A2BB4D0034552F /* NotificationHeader.swift */; };
		EAE7D22428A2BB5A0034552F /* NotificationHeader.xib in Resources */ = {isa = PBXBuildFile; fileRef = EAE7D22328A2BB5A0034552F /* NotificationHeader.xib */; };
		EAE7D22728A55E810034552F /* ErrorView.swift in Sources */ = {isa = PBXBuildFile; fileRef = EAE7D22628A55E810034552F /* ErrorView.swift */; };
		EAE7D22928A55E8A0034552F /* ErrorView.xib in Resources */ = {isa = PBXBuildFile; fileRef = EAE7D22828A55E8A0034552F /* ErrorView.xib */; };
		EAF6CF17288F2C96005E0AEE /* GroupInfoPageVC.swift in Sources */ = {isa = PBXBuildFile; fileRef = EAF6CF16288F2C96005E0AEE /* GroupInfoPageVC.swift */; };
		EAF6CF1C288FE1FD005E0AEE /* GroupInfoActionView.swift in Sources */ = {isa = PBXBuildFile; fileRef = EAF6CF1B288FE1FD005E0AEE /* GroupInfoActionView.swift */; };
		EAF6CF1E288FE210005E0AEE /* GroupInfoActionView.xib in Resources */ = {isa = PBXBuildFile; fileRef = EAF6CF1D288FE210005E0AEE /* GroupInfoActionView.xib */; };
		F21DA156E41A52151EC9B022 /* Pods_SociaLight.framework in Frameworks */ = {isa = PBXBuildFile; fileRef = F1BC7C4C89B91A205EEBBDFE /* Pods_SociaLight.framework */; };
/* End PBXBuildFile section */

/* Begin PBXFileReference section */
		02F2774E4532FB5D866A1FE7 /* Pods-SociaLight.release.xcconfig */ = {isa = PBXFileReference; includeInIndex = 1; lastKnownFileType = text.xcconfig; name = "Pods-SociaLight.release.xcconfig"; path = "Target Support Files/Pods-SociaLight/Pods-SociaLight.release.xcconfig"; sourceTree = "<group>"; };
		EA06AE7B282D56B200D84D7A /* RoundUIImageView.swift */ = {isa = PBXFileReference; lastKnownFileType = sourcecode.swift; path = RoundUIImageView.swift; sourceTree = "<group>"; };
		EA071DD0285648AA008CC78C /* FindGroupPageVC.swift */ = {isa = PBXFileReference; lastKnownFileType = sourcecode.swift; path = FindGroupPageVC.swift; sourceTree = "<group>"; };
		EA086E272886DE3600055825 /* GroupPageVC.swift */ = {isa = PBXFileReference; lastKnownFileType = sourcecode.swift; path = GroupPageVC.swift; sourceTree = "<group>"; };
		EA2D13AB2857C15B0052E9BC /* NewGroupFirstPageVC.swift */ = {isa = PBXFileReference; lastKnownFileType = sourcecode.swift; path = NewGroupFirstPageVC.swift; sourceTree = "<group>"; };
		EA481B2E283676AE00719282 /* PopUpView.swift */ = {isa = PBXFileReference; lastKnownFileType = sourcecode.swift; path = PopUpView.swift; sourceTree = "<group>"; };
		EA481B302836778300719282 /* RoundCornerButton.swift */ = {isa = PBXFileReference; lastKnownFileType = sourcecode.swift; path = RoundCornerButton.swift; sourceTree = "<group>"; };
		EA481B342836BA2E00719282 /* Protocols.swift */ = {isa = PBXFileReference; lastKnownFileType = sourcecode.swift; path = Protocols.swift; sourceTree = "<group>"; };
		EA485DD6284BC1FF00077373 /* RoundCornerTextField.swift */ = {isa = PBXFileReference; lastKnownFileType = sourcecode.swift; path = RoundCornerTextField.swift; sourceTree = "<group>"; };
		EA485DDA284CC7F900077373 /* GroupCell.swift */ = {isa = PBXFileReference; lastKnownFileType = sourcecode.swift; path = GroupCell.swift; sourceTree = "<group>"; };
		EA485DDB284CC7F900077373 /* GroupCell.xib */ = {isa = PBXFileReference; lastKnownFileType = file.xib; path = GroupCell.xib; sourceTree = "<group>"; };
		EA64E86D28C14E7700CC8964 /* DropDownCell.swift */ = {isa = PBXFileReference; lastKnownFileType = sourcecode.swift; path = DropDownCell.swift; sourceTree = "<group>"; };
		EA64E86E28C14E7700CC8964 /* DropDownCell.xib */ = {isa = PBXFileReference; lastKnownFileType = file.xib; path = DropDownCell.xib; sourceTree = "<group>"; };
		EA64E87128C157EB00CC8964 /* EventService.swift */ = {isa = PBXFileReference; lastKnownFileType = sourcecode.swift; path = EventService.swift; sourceTree = "<group>"; };
		EA6B195A283163670042B65B /* ChangePasswordPopupVC.swift */ = {isa = PBXFileReference; lastKnownFileType = sourcecode.swift; path = ChangePasswordPopupVC.swift; sourceTree = "<group>"; };
		EA6B195D2831789A0042B65B /* PersonalInfoPopupVC.swift */ = {isa = PBXFileReference; lastKnownFileType = sourcecode.swift; path = PersonalInfoPopupVC.swift; sourceTree = "<group>"; };
		EA6C5A7F281D724F00721D7F /* Service.swift */ = {isa = PBXFileReference; lastKnownFileType = sourcecode.swift; path = Service.swift; sourceTree = "<group>"; };
		EA6C5A81281FD13400721D7F /* MainPageVC.swift */ = {isa = PBXFileReference; lastKnownFileType = sourcecode.swift; path = MainPageVC.swift; sourceTree = "<group>"; };
		EA6C5A84281FD19000721D7F /* ProfilePageVC.swift */ = {isa = PBXFileReference; lastKnownFileType = sourcecode.swift; path = ProfilePageVC.swift; sourceTree = "<group>"; };
		EA78ECB728BB973F004A297F /* SendMeetingInvitationPopupVC.swift */ = {isa = PBXFileReference; lastKnownFileType = sourcecode.swift; path = SendMeetingInvitationPopupVC.swift; sourceTree = "<group>"; };
		EA7C698A28B171C30030E755 /* ImagePageVC.swift */ = {isa = PBXFileReference; lastKnownFileType = sourcecode.swift; path = ImagePageVC.swift; sourceTree = "<group>"; };
		EA7C698C28B17D510030E755 /* ImagePageStoryboard.storyboard */ = {isa = PBXFileReference; lastKnownFileType = file.storyboard; path = ImagePageStoryboard.storyboard; sourceTree = "<group>"; };
		EA7C699128B2AD3F0030E755 /* FriendsPageVC.swift */ = {isa = PBXFileReference; lastKnownFileType = sourcecode.swift; path = FriendsPageVC.swift; sourceTree = "<group>"; };
		EA7C699328B2CF860030E755 /* ImageOuterView.swift */ = {isa = PBXFileReference; lastKnownFileType = sourcecode.swift; path = ImageOuterView.swift; sourceTree = "<group>"; };
		EA7C699628B359660030E755 /* MediaFileCell.swift */ = {isa = PBXFileReference; lastKnownFileType = sourcecode.swift; path = MediaFileCell.swift; sourceTree = "<group>"; };
		EA7C699728B359670030E755 /* MediaFileCell.xib */ = {isa = PBXFileReference; lastKnownFileType = file.xib; path = MediaFileCell.xib; sourceTree = "<group>"; };
		EA7C699C28B7A7F70030E755 /* EventsPageVC.swift */ = {isa = PBXFileReference; lastKnownFileType = sourcecode.swift; path = EventsPageVC.swift; sourceTree = "<group>"; };
		EA7C699F28B7B32E0030E755 /* EventHeader.swift */ = {isa = PBXFileReference; lastKnownFileType = sourcecode.swift; path = EventHeader.swift; sourceTree = "<group>"; };
		EA7C69A128B7B3450030E755 /* EventHeader.xib */ = {isa = PBXFileReference; lastKnownFileType = file.xib; path = EventHeader.xib; sourceTree = "<group>"; };
		EA7C69A428B7B4DC0030E755 /* EventCell.swift */ = {isa = PBXFileReference; lastKnownFileType = sourcecode.swift; path = EventCell.swift; sourceTree = "<group>"; };
		EA7C69A528B7B4DC0030E755 /* EventCell.xib */ = {isa = PBXFileReference; lastKnownFileType = file.xib; path = EventCell.xib; sourceTree = "<group>"; };
		EA9A47A528159280006F8409 /* SignUpPageVC.swift */ = {isa = PBXFileReference; lastKnownFileType = sourcecode.swift; path = SignUpPageVC.swift; sourceTree = "<group>"; };
		EA9A47B12815A391006F8409 /* DesignableUITextField.swift */ = {isa = PBXFileReference; lastKnownFileType = sourcecode.swift; path = DesignableUITextField.swift; sourceTree = "<group>"; };
		EA9A47C32817295B006F8409 /* Extensions.swift */ = {isa = PBXFileReference; lastKnownFileType = sourcecode.swift; path = Extensions.swift; sourceTree = "<group>"; };
		EA9E6BC227FCB93E00101170 /* SociaLight.app */ = {isa = PBXFileReference; explicitFileType = wrapper.application; includeInIndex = 0; path = SociaLight.app; sourceTree = BUILT_PRODUCTS_DIR; };
		EA9E6BC527FCB93E00101170 /* AppDelegate.swift */ = {isa = PBXFileReference; lastKnownFileType = sourcecode.swift; path = AppDelegate.swift; sourceTree = "<group>"; };
		EA9E6BC727FCB93E00101170 /* SceneDelegate.swift */ = {isa = PBXFileReference; lastKnownFileType = sourcecode.swift; path = SceneDelegate.swift; sourceTree = "<group>"; };
		EA9E6BC927FCB93E00101170 /* SignInPageVC.swift */ = {isa = PBXFileReference; lastKnownFileType = sourcecode.swift; path = SignInPageVC.swift; sourceTree = "<group>"; };
		EA9E6BCC27FCB93E00101170 /* Base */ = {isa = PBXFileReference; lastKnownFileType = file.storyboard; name = Base; path = Base.lproj/Main.storyboard; sourceTree = "<group>"; };
		EA9E6BCF27FCB93E00101170 /* SociaLight.xcdatamodel */ = {isa = PBXFileReference; lastKnownFileType = wrapper.xcdatamodel; path = SociaLight.xcdatamodel; sourceTree = "<group>"; };
		EA9E6BD127FCB94100101170 /* Assets.xcassets */ = {isa = PBXFileReference; lastKnownFileType = folder.assetcatalog; path = Assets.xcassets; sourceTree = "<group>"; };
		EA9E6BD427FCB94100101170 /* Base */ = {isa = PBXFileReference; lastKnownFileType = file.storyboard; name = Base; path = Base.lproj/LaunchScreen.storyboard; sourceTree = "<group>"; };
		EA9E6BD627FCB94100101170 /* Info.plist */ = {isa = PBXFileReference; lastKnownFileType = text.plist.xml; path = Info.plist; sourceTree = "<group>"; };
		EABCC6612826A4410098EDCA /* TabBarVC.swift */ = {isa = PBXFileReference; lastKnownFileType = sourcecode.swift; path = TabBarVC.swift; sourceTree = "<group>"; };
		EAC81DA828C0D6BB00561934 /* NewEventPageVC.swift */ = {isa = PBXFileReference; lastKnownFileType = sourcecode.swift; path = NewEventPageVC.swift; sourceTree = "<group>"; };
		EAC81DAB28C11FDF00561934 /* TasksPageVC.swift */ = {isa = PBXFileReference; lastKnownFileType = sourcecode.swift; path = TasksPageVC.swift; sourceTree = "<group>"; };
		EAC81DAD28C134E200561934 /* NewEventPageStoryboard.storyboard */ = {isa = PBXFileReference; lastKnownFileType = file.storyboard; path = NewEventPageStoryboard.storyboard; sourceTree = "<group>"; };
		EAC81DAF28C134F100561934 /* TasksPageStoryboard.storyboard */ = {isa = PBXFileReference; lastKnownFileType = file.storyboard; path = TasksPageStoryboard.storyboard; sourceTree = "<group>"; };
		EAC81DB128C13B5400561934 /* NewTaskPopupVC.swift */ = {isa = PBXFileReference; lastKnownFileType = sourcecode.swift; path = NewTaskPopupVC.swift; sourceTree = "<group>"; };
		EAC81DB328C1439700561934 /* RoundCornerView.swift */ = {isa = PBXFileReference; lastKnownFileType = sourcecode.swift; path = RoundCornerView.swift; sourceTree = "<group>"; };
		EACA50EB285F31D200149482 /* RoundButton.swift */ = {isa = PBXFileReference; lastKnownFileType = sourcecode.swift; path = RoundButton.swift; sourceTree = "<group>"; };
		EACA50ED285F3EC000149482 /* NewGroupSecondPageVC.swift */ = {isa = PBXFileReference; lastKnownFileType = sourcecode.swift; path = NewGroupSecondPageVC.swift; sourceTree = "<group>"; };
		EACA50F42864C89400149482 /* FriendCell.swift */ = {isa = PBXFileReference; lastKnownFileType = sourcecode.swift; path = FriendCell.swift; sourceTree = "<group>"; };
		EACA50F52864C89400149482 /* FriendCell.xib */ = {isa = PBXFileReference; lastKnownFileType = file.xib; path = FriendCell.xib; sourceTree = "<group>"; };
		EACA50F92864EAB500149482 /* SelectedFriendCell.swift */ = {isa = PBXFileReference; lastKnownFileType = sourcecode.swift; path = SelectedFriendCell.swift; sourceTree = "<group>"; };
		EACA50FA2864EAB500149482 /* SelectedFriendCell.xib */ = {isa = PBXFileReference; lastKnownFileType = file.xib; path = SelectedFriendCell.xib; sourceTree = "<group>"; };
		EADEE11A28B90C8A00823ACA /* Global Constants.swift */ = {isa = PBXFileReference; lastKnownFileType = sourcecode.swift; path = "Global Constants.swift"; sourceTree = "<group>"; };
		EADF48C928983648001C4692 /* GroupMembersPageVC.swift */ = {isa = PBXFileReference; lastKnownFileType = sourcecode.swift; path = GroupMembersPageVC.swift; sourceTree = "<group>"; };
		EADF48CB28983BAE001C4692 /* GroupMediaFilesPageVC.swift */ = {isa = PBXFileReference; lastKnownFileType = sourcecode.swift; path = GroupMediaFilesPageVC.swift; sourceTree = "<group>"; };
		EADF48CE28998B9E001C4692 /* GroupMemberCell.swift */ = {isa = PBXFileReference; lastKnownFileType = sourcecode.swift; path = GroupMemberCell.swift; sourceTree = "<group>"; };
		EADF48CF28998B9E001C4692 /* GroupMemberCell.xib */ = {isa = PBXFileReference; lastKnownFileType = file.xib; path = GroupMemberCell.xib; sourceTree = "<group>"; };
		EADF48D22899A205001C4692 /* AddGroupMembersPageVC.swift */ = {isa = PBXFileReference; lastKnownFileType = sourcecode.swift; path = AddGroupMembersPageVC.swift; sourceTree = "<group>"; };
		EADF48D528A00C75001C4692 /* NotificationCell.swift */ = {isa = PBXFileReference; lastKnownFileType = sourcecode.swift; path = NotificationCell.swift; sourceTree = "<group>"; };
		EADF48D628A00C75001C4692 /* NotificationCell.xib */ = {isa = PBXFileReference; lastKnownFileType = file.xib; path = NotificationCell.xib; sourceTree = "<group>"; };
		EADF48DA28A17B9E001C4692 /* NotificationsPageVC.swift */ = {isa = PBXFileReference; lastKnownFileType = sourcecode.swift; path = NotificationsPageVC.swift; sourceTree = "<group>"; };
		EADFCF6E283115D50025EEA6 /* Entities.swift */ = {isa = PBXFileReference; lastKnownFileType = sourcecode.swift; path = Entities.swift; sourceTree = "<group>"; };
		EAE7D22128A2BB4D0034552F /* NotificationHeader.swift */ = {isa = PBXFileReference; lastKnownFileType = sourcecode.swift; path = NotificationHeader.swift; sourceTree = "<group>"; };
		EAE7D22328A2BB5A0034552F /* NotificationHeader.xib */ = {isa = PBXFileReference; lastKnownFileType = file.xib; path = NotificationHeader.xib; sourceTree = "<group>"; };
		EAE7D22628A55E810034552F /* ErrorView.swift */ = {isa = PBXFileReference; lastKnownFileType = sourcecode.swift; path = ErrorView.swift; sourceTree = "<group>"; };
		EAE7D22828A55E8A0034552F /* ErrorView.xib */ = {isa = PBXFileReference; lastKnownFileType = file.xib; path = ErrorView.xib; sourceTree = "<group>"; };
		EAF6CF16288F2C96005E0AEE /* GroupInfoPageVC.swift */ = {isa = PBXFileReference; lastKnownFileType = sourcecode.swift; path = GroupInfoPageVC.swift; sourceTree = "<group>"; };
		EAF6CF1B288FE1FD005E0AEE /* GroupInfoActionView.swift */ = {isa = PBXFileReference; lastKnownFileType = sourcecode.swift; path = GroupInfoActionView.swift; sourceTree = "<group>"; };
		EAF6CF1D288FE210005E0AEE /* GroupInfoActionView.xib */ = {isa = PBXFileReference; lastKnownFileType = file.xib; path = GroupInfoActionView.xib; sourceTree = "<group>"; };
		F1BC7C4C89B91A205EEBBDFE /* Pods_SociaLight.framework */ = {isa = PBXFileReference; explicitFileType = wrapper.framework; includeInIndex = 0; path = Pods_SociaLight.framework; sourceTree = BUILT_PRODUCTS_DIR; };
		F5C82A3A81D808E813941DB8 /* Pods-SociaLight.debug.xcconfig */ = {isa = PBXFileReference; includeInIndex = 1; lastKnownFileType = text.xcconfig; name = "Pods-SociaLight.debug.xcconfig"; path = "Target Support Files/Pods-SociaLight/Pods-SociaLight.debug.xcconfig"; sourceTree = "<group>"; };
/* End PBXFileReference section */

/* Begin PBXFrameworksBuildPhase section */
		EA9E6BBF27FCB93E00101170 /* Frameworks */ = {
			isa = PBXFrameworksBuildPhase;
			buildActionMask = 2147483647;
			files = (
				F21DA156E41A52151EC9B022 /* Pods_SociaLight.framework in Frameworks */,
			);
			runOnlyForDeploymentPostprocessing = 0;
		};
/* End PBXFrameworksBuildPhase section */

/* Begin PBXGroup section */
		48D5B1C6C6B5535CEC7D2FDA /* Frameworks */ = {
			isa = PBXGroup;
			children = (
				F1BC7C4C89B91A205EEBBDFE /* Pods_SociaLight.framework */,
			);
			name = Frameworks;
			sourceTree = "<group>";
		};
		EA071DCF28564846008CC78C /* MainPageSubControllers */ = {
			isa = PBXGroup;
			children = (
				EACA50F02862494C00149482 /* NewGroup */,
				EACA50EF2862494200149482 /* FindGroup */,
			);
			path = MainPageSubControllers;
			sourceTree = "<group>";
		};
		EA086E262886DDED00055825 /* Group Page Controllers */ = {
			isa = PBXGroup;
			children = (
				EA086E272886DE3600055825 /* GroupPageVC.swift */,
				EAF6CF16288F2C96005E0AEE /* GroupInfoPageVC.swift */,
				EA7C699A28B3BA660030E755 /* Group Members Page Controllers */,
				EA7C698928B1717B0030E755 /* Media Files Controllers */,
			);
			path = "Group Page Controllers";
			sourceTree = "<group>";
		};
		EA3DB8BC59679CE3D7B93FCC /* Pods */ = {
			isa = PBXGroup;
			children = (
				F5C82A3A81D808E813941DB8 /* Pods-SociaLight.debug.xcconfig */,
				02F2774E4532FB5D866A1FE7 /* Pods-SociaLight.release.xcconfig */,
			);
			path = Pods;
			sourceTree = "<group>";
		};
		EA481B322836A08500719282 /* Sign In&Up Page Controllers */ = {
			isa = PBXGroup;
			children = (
				EA9E6BC927FCB93E00101170 /* SignInPageVC.swift */,
				EA9A47A528159280006F8409 /* SignUpPageVC.swift */,
			);
			path = "Sign In&Up Page Controllers";
			sourceTree = "<group>";
		};
		EA481B332836A32C00719282 /* Additional Controllers */ = {
			isa = PBXGroup;
			children = (
				EABCC6612826A4410098EDCA /* TabBarVC.swift */,
			);
			path = "Additional Controllers";
			sourceTree = "<group>";
		};
		EA481B362836BA3E00719282 /* Shared */ = {
			isa = PBXGroup;
			children = (
				EADFCF6E283115D50025EEA6 /* Entities.swift */,
				EA481B342836BA2E00719282 /* Protocols.swift */,
				EA9A47C32817295B006F8409 /* Extensions.swift */,
				EADEE11A28B90C8A00823ACA /* Global Constants.swift */,
			);
			path = Shared;
			sourceTree = "<group>";
		};
		EA485DD8284CC5F100077373 /* Cells */ = {
			isa = PBXGroup;
			children = (
				EACA50F32864C86200149482 /* FriendCell */,
				EACA50F82864EA6500149482 /* SelectedFriendCell */,
				EA485DD9284CC5F800077373 /* GroupCell */,
				EADF48CD28998B66001C4692 /* GroupMemberCell */,
				EA7C699528B3591E0030E755 /* MediaFileCell */,
				EADF48D428A00C41001C4692 /* NotificationCell */,
				EA7C69A328B7B4AC0030E755 /* EventCell */,
				EA64E86C28C14E5F00CC8964 /* DropDownCell */,
			);
			path = Cells;
			sourceTree = "<group>";
		};
		EA485DD9284CC5F800077373 /* GroupCell */ = {
			isa = PBXGroup;
			children = (
				EA485DDA284CC7F900077373 /* GroupCell.swift */,
				EA485DDB284CC7F900077373 /* GroupCell.xib */,
			);
			path = GroupCell;
			sourceTree = "<group>";
		};
		EA64E86C28C14E5F00CC8964 /* DropDownCell */ = {
			isa = PBXGroup;
			children = (
				EA64E86D28C14E7700CC8964 /* DropDownCell.swift */,
				EA64E86E28C14E7700CC8964 /* DropDownCell.xib */,
			);
			path = DropDownCell;
			sourceTree = "<group>";
		};
		EA6B195C283178450042B65B /* PopupControllers */ = {
			isa = PBXGroup;
			children = (
				EA6B195D2831789A0042B65B /* PersonalInfoPopupVC.swift */,
				EA6B195A283163670042B65B /* ChangePasswordPopupVC.swift */,
				EA78ECB728BB973F004A297F /* SendMeetingInvitationPopupVC.swift */,
			);
			path = PopupControllers;
			sourceTree = "<group>";
		};
		EA6C5A7D281D6CC100721D7F /* ReusableViews */ = {
			isa = PBXGroup;
			children = (
				EAE7D22528A55E520034552F /* ErrorView */,
				EAF6CF18288FE154005E0AEE /* GroupInfoActionView */,
				EA9A47B12815A391006F8409 /* DesignableUITextField.swift */,
				EA06AE7B282D56B200D84D7A /* RoundUIImageView.swift */,
				EA481B2E283676AE00719282 /* PopUpView.swift */,
				EACA50EB285F31D200149482 /* RoundButton.swift */,
				EA481B302836778300719282 /* RoundCornerButton.swift */,
				EA485DD6284BC1FF00077373 /* RoundCornerTextField.swift */,
				EA7C699328B2CF860030E755 /* ImageOuterView.swift */,
				EAC81DB328C1439700561934 /* RoundCornerView.swift */,
			);
			path = ReusableViews;
			sourceTree = "<group>";
		};
		EA6C5A7E281D723A00721D7F /* Services */ = {
			isa = PBXGroup;
			children = (
				EA6C5A7F281D724F00721D7F /* Service.swift */,
				EA64E87128C157EB00CC8964 /* EventService.swift */,
			);
			path = Services;
			sourceTree = "<group>";
		};
		EA7C698928B1717B0030E755 /* Media Files Controllers */ = {
			isa = PBXGroup;
			children = (
				EADF48CB28983BAE001C4692 /* GroupMediaFilesPageVC.swift */,
				EA7C698A28B171C30030E755 /* ImagePageVC.swift */,
			);
			path = "Media Files Controllers";
			sourceTree = "<group>";
		};
		EA7C699028B2AD110030E755 /* Friends Page Controllers */ = {
			isa = PBXGroup;
			children = (
				EA7C699128B2AD3F0030E755 /* FriendsPageVC.swift */,
			);
			path = "Friends Page Controllers";
			sourceTree = "<group>";
		};
		EA7C699528B3591E0030E755 /* MediaFileCell */ = {
			isa = PBXGroup;
			children = (
				EA7C699628B359660030E755 /* MediaFileCell.swift */,
				EA7C699728B359670030E755 /* MediaFileCell.xib */,
			);
			path = MediaFileCell;
			sourceTree = "<group>";
		};
		EA7C699A28B3BA660030E755 /* Group Members Page Controllers */ = {
			isa = PBXGroup;
			children = (
				EADF48C928983648001C4692 /* GroupMembersPageVC.swift */,
				EADF48D22899A205001C4692 /* AddGroupMembersPageVC.swift */,
			);
			path = "Group Members Page Controllers";
			sourceTree = "<group>";
		};
		EA7C699B28B7A7030030E755 /* Events Page Controllers */ = {
			isa = PBXGroup;
			children = (
				EA7C699C28B7A7F70030E755 /* EventsPageVC.swift */,
				EAC81DA828C0D6BB00561934 /* NewEventPageVC.swift */,
			);
			path = "Events Page Controllers";
			sourceTree = "<group>";
		};
		EA7C699E28B7B2910030E755 /* EventHeader */ = {
			isa = PBXGroup;
			children = (
				EA7C699F28B7B32E0030E755 /* EventHeader.swift */,
				EA7C69A128B7B3450030E755 /* EventHeader.xib */,
			);
			path = EventHeader;
			sourceTree = "<group>";
		};
		EA7C69A328B7B4AC0030E755 /* EventCell */ = {
			isa = PBXGroup;
			children = (
				EA7C69A428B7B4DC0030E755 /* EventCell.swift */,
				EA7C69A528B7B4DC0030E755 /* EventCell.xib */,
			);
			path = EventCell;
			sourceTree = "<group>";
		};
		EA7D0E312871C8F500579619 /* Main Page Controllers */ = {
			isa = PBXGroup;
			children = (
				EA6C5A81281FD13400721D7F /* MainPageVC.swift */,
				EA071DCF28564846008CC78C /* MainPageSubControllers */,
			);
			path = "Main Page Controllers";
			sourceTree = "<group>";
		};
		EA7D0E322871C93B00579619 /* Profile Page Controllers */ = {
			isa = PBXGroup;
			children = (
				EA6C5A84281FD19000721D7F /* ProfilePageVC.swift */,
				EA6B195C283178450042B65B /* PopupControllers */,
			);
			path = "Profile Page Controllers";
			sourceTree = "<group>";
		};
		EA9A47A42815922A006F8409 /* Controllers */ = {
			isa = PBXGroup;
			children = (
				EA481B322836A08500719282 /* Sign In&Up Page Controllers */,
				EA7D0E312871C8F500579619 /* Main Page Controllers */,
				EADF48D928A17B6F001C4692 /* Notifications Page Controller */,
				EA7C699B28B7A7030030E755 /* Events Page Controllers */,
				EAC81DAA28C0FB4900561934 /* Task Page Controllers */,
				EA7D0E322871C93B00579619 /* Profile Page Controllers */,
				EA7C699028B2AD110030E755 /* Friends Page Controllers */,
				EA086E262886DDED00055825 /* Group Page Controllers */,
				EA481B332836A32C00719282 /* Additional Controllers */,
			);
			path = Controllers;
			sourceTree = "<group>";
		};
		EA9E6BB927FCB93E00101170 = {
			isa = PBXGroup;
			children = (
				EA9E6BC427FCB93E00101170 /* SociaLight */,
				EA9E6BC327FCB93E00101170 /* Products */,
				EA3DB8BC59679CE3D7B93FCC /* Pods */,
				48D5B1C6C6B5535CEC7D2FDA /* Frameworks */,
			);
			sourceTree = "<group>";
		};
		EA9E6BC327FCB93E00101170 /* Products */ = {
			isa = PBXGroup;
			children = (
				EA9E6BC227FCB93E00101170 /* SociaLight.app */,
			);
			name = Products;
			sourceTree = "<group>";
		};
		EA9E6BC427FCB93E00101170 /* SociaLight */ = {
			isa = PBXGroup;
			children = (
				EAE7D21F28A2BAD00034552F /* Headers */,
				EA485DD8284CC5F100077373 /* Cells */,
				EA481B362836BA3E00719282 /* Shared */,
				EA6C5A7E281D723A00721D7F /* Services */,
				EA6C5A7D281D6CC100721D7F /* ReusableViews */,
				EA9A47A42815922A006F8409 /* Controllers */,
				EACA50F2286330D400149482 /* Delegate */,
				EACA50F1286330A000149482 /* Storyboards */,
				EA9E6BD127FCB94100101170 /* Assets.xcassets */,
				EA9E6BD627FCB94100101170 /* Info.plist */,
				EA9E6BCE27FCB93E00101170 /* SociaLight.xcdatamodeld */,
			);
			path = SociaLight;
			sourceTree = "<group>";
		};
		EAC81DAA28C0FB4900561934 /* Task Page Controllers */ = {
			isa = PBXGroup;
			children = (
				EAC81DAB28C11FDF00561934 /* TasksPageVC.swift */,
				EAC81DB128C13B5400561934 /* NewTaskPopupVC.swift */,
			);
			path = "Task Page Controllers";
			sourceTree = "<group>";
		};
		EACA50EF2862494200149482 /* FindGroup */ = {
			isa = PBXGroup;
			children = (
				EA071DD0285648AA008CC78C /* FindGroupPageVC.swift */,
			);
			path = FindGroup;
			sourceTree = "<group>";
		};
		EACA50F02862494C00149482 /* NewGroup */ = {
			isa = PBXGroup;
			children = (
				EA2D13AB2857C15B0052E9BC /* NewGroupFirstPageVC.swift */,
				EACA50ED285F3EC000149482 /* NewGroupSecondPageVC.swift */,
			);
			path = NewGroup;
			sourceTree = "<group>";
		};
		EACA50F1286330A000149482 /* Storyboards */ = {
			isa = PBXGroup;
			children = (
				EA9E6BCB27FCB93E00101170 /* Main.storyboard */,
				EA9E6BD327FCB94100101170 /* LaunchScreen.storyboard */,
				EA7C698C28B17D510030E755 /* ImagePageStoryboard.storyboard */,
				EAC81DAD28C134E200561934 /* NewEventPageStoryboard.storyboard */,
				EAC81DAF28C134F100561934 /* TasksPageStoryboard.storyboard */,
			);
			path = Storyboards;
			sourceTree = "<group>";
		};
		EACA50F2286330D400149482 /* Delegate */ = {
			isa = PBXGroup;
			children = (
				EA9E6BC527FCB93E00101170 /* AppDelegate.swift */,
				EA9E6BC727FCB93E00101170 /* SceneDelegate.swift */,
			);
			path = Delegate;
			sourceTree = "<group>";
		};
		EACA50F32864C86200149482 /* FriendCell */ = {
			isa = PBXGroup;
			children = (
				EACA50F42864C89400149482 /* FriendCell.swift */,
				EACA50F52864C89400149482 /* FriendCell.xib */,
			);
			path = FriendCell;
			sourceTree = "<group>";
		};
		EACA50F82864EA6500149482 /* SelectedFriendCell */ = {
			isa = PBXGroup;
			children = (
				EACA50F92864EAB500149482 /* SelectedFriendCell.swift */,
				EACA50FA2864EAB500149482 /* SelectedFriendCell.xib */,
			);
			path = SelectedFriendCell;
			sourceTree = "<group>";
		};
		EADF48CD28998B66001C4692 /* GroupMemberCell */ = {
			isa = PBXGroup;
			children = (
				EADF48CE28998B9E001C4692 /* GroupMemberCell.swift */,
				EADF48CF28998B9E001C4692 /* GroupMemberCell.xib */,
			);
			path = GroupMemberCell;
			sourceTree = "<group>";
		};
		EADF48D428A00C41001C4692 /* NotificationCell */ = {
			isa = PBXGroup;
			children = (
				EADF48D528A00C75001C4692 /* NotificationCell.swift */,
				EADF48D628A00C75001C4692 /* NotificationCell.xib */,
			);
			path = NotificationCell;
			sourceTree = "<group>";
		};
		EADF48D928A17B6F001C4692 /* Notifications Page Controller */ = {
			isa = PBXGroup;
			children = (
				EADF48DA28A17B9E001C4692 /* NotificationsPageVC.swift */,
			);
			path = "Notifications Page Controller";
			sourceTree = "<group>";
		};
		EAE7D21F28A2BAD00034552F /* Headers */ = {
			isa = PBXGroup;
			children = (
				EA7C699E28B7B2910030E755 /* EventHeader */,
				EAE7D22028A2BAE00034552F /* NotificationHeader */,
			);
			path = Headers;
			sourceTree = "<group>";
		};
		EAE7D22028A2BAE00034552F /* NotificationHeader */ = {
			isa = PBXGroup;
			children = (
				EAE7D22128A2BB4D0034552F /* NotificationHeader.swift */,
				EAE7D22328A2BB5A0034552F /* NotificationHeader.xib */,
			);
			path = NotificationHeader;
			sourceTree = "<group>";
		};
		EAE7D22528A55E520034552F /* ErrorView */ = {
			isa = PBXGroup;
			children = (
				EAE7D22628A55E810034552F /* ErrorView.swift */,
				EAE7D22828A55E8A0034552F /* ErrorView.xib */,
			);
			path = ErrorView;
			sourceTree = "<group>";
		};
		EAF6CF18288FE154005E0AEE /* GroupInfoActionView */ = {
			isa = PBXGroup;
			children = (
				EAF6CF1B288FE1FD005E0AEE /* GroupInfoActionView.swift */,
				EAF6CF1D288FE210005E0AEE /* GroupInfoActionView.xib */,
			);
			path = GroupInfoActionView;
			sourceTree = "<group>";
		};
/* End PBXGroup section */

/* Begin PBXNativeTarget section */
		EA9E6BC127FCB93E00101170 /* SociaLight */ = {
			isa = PBXNativeTarget;
			buildConfigurationList = EA9E6BD927FCB94100101170 /* Build configuration list for PBXNativeTarget "SociaLight" */;
			buildPhases = (
				07BCC248CD7C3EF1A8F82DF5 /* [CP] Check Pods Manifest.lock */,
				EA9E6BBE27FCB93E00101170 /* Sources */,
				EA9E6BBF27FCB93E00101170 /* Frameworks */,
				EA9E6BC027FCB93E00101170 /* Resources */,
				750BF9F0D0673A2070DDC658 /* [CP] Embed Pods Frameworks */,
			);
			buildRules = (
			);
			dependencies = (
			);
			name = SociaLight;
			productName = SociaLight;
			productReference = EA9E6BC227FCB93E00101170 /* SociaLight.app */;
			productType = "com.apple.product-type.application";
		};
/* End PBXNativeTarget section */

/* Begin PBXProject section */
		EA9E6BBA27FCB93E00101170 /* Project object */ = {
			isa = PBXProject;
			attributes = {
				BuildIndependentTargetsInParallel = 1;
				LastSwiftUpdateCheck = 1330;
				LastUpgradeCheck = 1330;
				TargetAttributes = {
					EA9E6BC127FCB93E00101170 = {
						CreatedOnToolsVersion = 13.3;
					};
				};
			};
			buildConfigurationList = EA9E6BBD27FCB93E00101170 /* Build configuration list for PBXProject "SociaLight" */;
			compatibilityVersion = "Xcode 13.0";
			developmentRegion = en;
			hasScannedForEncodings = 0;
			knownRegions = (
				en,
				Base,
			);
			mainGroup = EA9E6BB927FCB93E00101170;
			productRefGroup = EA9E6BC327FCB93E00101170 /* Products */;
			projectDirPath = "";
			projectRoot = "";
			targets = (
				EA9E6BC127FCB93E00101170 /* SociaLight */,
			);
		};
/* End PBXProject section */

/* Begin PBXResourcesBuildPhase section */
		EA9E6BC027FCB93E00101170 /* Resources */ = {
			isa = PBXResourcesBuildPhase;
			buildActionMask = 2147483647;
			files = (
				EACA50FC2864EAB600149482 /* SelectedFriendCell.xib in Resources */,
				EAE7D22928A55E8A0034552F /* ErrorView.xib in Resources */,
				EAE7D22428A2BB5A0034552F /* NotificationHeader.xib in Resources */,
				EADF48D128998B9E001C4692 /* GroupMemberCell.xib in Resources */,
				EA7C699928B359670030E755 /* MediaFileCell.xib in Resources */,
				EA64E87028C14E7700CC8964 /* DropDownCell.xib in Resources */,
				EADF48D828A00C75001C4692 /* NotificationCell.xib in Resources */,
				EACA50F72864C89500149482 /* FriendCell.xib in Resources */,
				EA7C69A228B7B3450030E755 /* EventHeader.xib in Resources */,
				EA7C698D28B17D510030E755 /* ImagePageStoryboard.storyboard in Resources */,
				EAC81DB028C134F100561934 /* TasksPageStoryboard.storyboard in Resources */,
				EA9E6BD527FCB94100101170 /* LaunchScreen.storyboard in Resources */,
				EAF6CF1E288FE210005E0AEE /* GroupInfoActionView.xib in Resources */,
				EA9E6BD227FCB94100101170 /* Assets.xcassets in Resources */,
				EA9E6BCD27FCB93E00101170 /* Main.storyboard in Resources */,
				EA7C69A728B7B4DC0030E755 /* EventCell.xib in Resources */,
				EAC81DAE28C134E300561934 /* NewEventPageStoryboard.storyboard in Resources */,
				EA485DDD284CC7FA00077373 /* GroupCell.xib in Resources */,
			);
			runOnlyForDeploymentPostprocessing = 0;
		};
/* End PBXResourcesBuildPhase section */

/* Begin PBXShellScriptBuildPhase section */
		07BCC248CD7C3EF1A8F82DF5 /* [CP] Check Pods Manifest.lock */ = {
			isa = PBXShellScriptBuildPhase;
			buildActionMask = 2147483647;
			files = (
			);
			inputFileListPaths = (
			);
			inputPaths = (
				"${PODS_PODFILE_DIR_PATH}/Podfile.lock",
				"${PODS_ROOT}/Manifest.lock",
			);
			name = "[CP] Check Pods Manifest.lock";
			outputFileListPaths = (
			);
			outputPaths = (
				"$(DERIVED_FILE_DIR)/Pods-SociaLight-checkManifestLockResult.txt",
			);
			runOnlyForDeploymentPostprocessing = 0;
			shellPath = /bin/sh;
			shellScript = "diff \"${PODS_PODFILE_DIR_PATH}/Podfile.lock\" \"${PODS_ROOT}/Manifest.lock\" > /dev/null\nif [ $? != 0 ] ; then\n    # print error to STDERR\n    echo \"error: The sandbox is not in sync with the Podfile.lock. Run 'pod install' or update your CocoaPods installation.\" >&2\n    exit 1\nfi\n# This output is used by Xcode 'outputs' to avoid re-running this script phase.\necho \"SUCCESS\" > \"${SCRIPT_OUTPUT_FILE_0}\"\n";
			showEnvVarsInLog = 0;
		};
		750BF9F0D0673A2070DDC658 /* [CP] Embed Pods Frameworks */ = {
			isa = PBXShellScriptBuildPhase;
			buildActionMask = 2147483647;
			files = (
			);
			inputFileListPaths = (
				"${PODS_ROOT}/Target Support Files/Pods-SociaLight/Pods-SociaLight-frameworks-${CONFIGURATION}-input-files.xcfilelist",
			);
			name = "[CP] Embed Pods Frameworks";
			outputFileListPaths = (
				"${PODS_ROOT}/Target Support Files/Pods-SociaLight/Pods-SociaLight-frameworks-${CONFIGURATION}-output-files.xcfilelist",
			);
			runOnlyForDeploymentPostprocessing = 0;
			shellPath = /bin/sh;
			shellScript = "\"${PODS_ROOT}/Target Support Files/Pods-SociaLight/Pods-SociaLight-frameworks.sh\"\n";
			showEnvVarsInLog = 0;
		};
/* End PBXShellScriptBuildPhase section */

/* Begin PBXSourcesBuildPhase section */
		EA9E6BBE27FCB93E00101170 /* Sources */ = {
			isa = PBXSourcesBuildPhase;
			buildActionMask = 2147483647;
			files = (
				EA071DD1285648AA008CC78C /* FindGroupPageVC.swift in Sources */,
				EADF48DB28A17B9E001C4692 /* NotificationsPageVC.swift in Sources */,
				EAE7D22728A55E810034552F /* ErrorView.swift in Sources */,
				EA481B312836778300719282 /* RoundCornerButton.swift in Sources */,
				EA9E6BCA27FCB93E00101170 /* SignInPageVC.swift in Sources */,
				EADF48CC28983BAE001C4692 /* GroupMediaFilesPageVC.swift in Sources */,
				EA481B2F283676AE00719282 /* PopUpView.swift in Sources */,
				EACA50F62864C89500149482 /* FriendCell.swift in Sources */,
				EAC81DAC28C11FE000561934 /* TasksPageVC.swift in Sources */,
				EA481B352836BA2F00719282 /* Protocols.swift in Sources */,
				EADEE11B28B90C8A00823ACA /* Global Constants.swift in Sources */,
				EACA50FB2864EAB600149482 /* SelectedFriendCell.swift in Sources */,
				EA9A47A628159280006F8409 /* SignUpPageVC.swift in Sources */,
				EA64E86F28C14E7700CC8964 /* DropDownCell.swift in Sources */,
				EA6B195E2831789A0042B65B /* PersonalInfoPopupVC.swift in Sources */,
				EAC81DB428C1439700561934 /* RoundCornerView.swift in Sources */,
				EADF48CA28983649001C4692 /* GroupMembersPageVC.swift in Sources */,
				EA9A47C42817295C006F8409 /* Extensions.swift in Sources */,
				EA78ECB828BB973F004A297F /* SendMeetingInvitationPopupVC.swift in Sources */,
				EAC81DB228C13B5400561934 /* NewTaskPopupVC.swift in Sources */,
				EADFCF6F283115D50025EEA6 /* Entities.swift in Sources */,
				EA485DD7284BC1FF00077373 /* RoundCornerTextField.swift in Sources */,
				EA6B195B283163670042B65B /* ChangePasswordPopupVC.swift in Sources */,
				EA9E6BC627FCB93E00101170 /* AppDelegate.swift in Sources */,
				EA64E87228C157EB00CC8964 /* EventService.swift in Sources */,
				EADF48D728A00C75001C4692 /* NotificationCell.swift in Sources */,
				EA6C5A82281FD13500721D7F /* MainPageVC.swift in Sources */,
				EAF6CF17288F2C96005E0AEE /* GroupInfoPageVC.swift in Sources */,
				EACA50EE285F3EC000149482 /* NewGroupSecondPageVC.swift in Sources */,
				EA6C5A85281FD19000721D7F /* ProfilePageVC.swift in Sources */,
				EAF6CF1C288FE1FD005E0AEE /* GroupInfoActionView.swift in Sources */,
				EAE7D22228A2BB4D0034552F /* NotificationHeader.swift in Sources */,
				EADF48D028998B9E001C4692 /* GroupMemberCell.swift in Sources */,
				EA6C5A80281D724F00721D7F /* Service.swift in Sources */,
				EA9A47B22815A391006F8409 /* DesignableUITextField.swift in Sources */,
				EA086E282886DE3600055825 /* GroupPageVC.swift in Sources */,
				EA7C698B28B171C30030E755 /* ImagePageVC.swift in Sources */,
				EA485DDC284CC7F900077373 /* GroupCell.swift in Sources */,
				EA7C699428B2CF860030E755 /* ImageOuterView.swift in Sources */,
				EA7C699228B2AD400030E755 /* FriendsPageVC.swift in Sources */,
				EACA50EC285F31D200149482 /* RoundButton.swift in Sources */,
				EA7C699D28B7A7F80030E755 /* EventsPageVC.swift in Sources */,
				EABCC6622826A4410098EDCA /* TabBarVC.swift in Sources */,
				EAC81DA928C0D6BB00561934 /* NewEventPageVC.swift in Sources */,
				EA06AE7C282D56B200D84D7A /* RoundUIImageView.swift in Sources */,
				EA7C69A628B7B4DC0030E755 /* EventCell.swift in Sources */,
				EA9E6BD027FCB93E00101170 /* SociaLight.xcdatamodeld in Sources */,
				EA7C699828B359670030E755 /* MediaFileCell.swift in Sources */,
				EADF48D32899A205001C4692 /* AddGroupMembersPageVC.swift in Sources */,
				EA9E6BC827FCB93E00101170 /* SceneDelegate.swift in Sources */,
				EA2D13AC2857C15B0052E9BC /* NewGroupFirstPageVC.swift in Sources */,
				EA7C69A028B7B32E0030E755 /* EventHeader.swift in Sources */,
			);
			runOnlyForDeploymentPostprocessing = 0;
		};
/* End PBXSourcesBuildPhase section */

/* Begin PBXVariantGroup section */
		EA9E6BCB27FCB93E00101170 /* Main.storyboard */ = {
			isa = PBXVariantGroup;
			children = (
				EA9E6BCC27FCB93E00101170 /* Base */,
			);
			name = Main.storyboard;
			sourceTree = "<group>";
		};
		EA9E6BD327FCB94100101170 /* LaunchScreen.storyboard */ = {
			isa = PBXVariantGroup;
			children = (
				EA9E6BD427FCB94100101170 /* Base */,
			);
			name = LaunchScreen.storyboard;
			sourceTree = "<group>";
		};
/* End PBXVariantGroup section */

/* Begin XCBuildConfiguration section */
		EA9E6BD727FCB94100101170 /* Debug */ = {
			isa = XCBuildConfiguration;
			buildSettings = {
				ALWAYS_SEARCH_USER_PATHS = NO;
				CLANG_ANALYZER_NONNULL = YES;
				CLANG_ANALYZER_NUMBER_OBJECT_CONVERSION = YES_AGGRESSIVE;
				CLANG_CXX_LANGUAGE_STANDARD = "gnu++17";
				CLANG_ENABLE_MODULES = YES;
				CLANG_ENABLE_OBJC_ARC = YES;
				CLANG_ENABLE_OBJC_WEAK = YES;
				CLANG_WARN_BLOCK_CAPTURE_AUTORELEASING = YES;
				CLANG_WARN_BOOL_CONVERSION = YES;
				CLANG_WARN_COMMA = YES;
				CLANG_WARN_CONSTANT_CONVERSION = YES;
				CLANG_WARN_DEPRECATED_OBJC_IMPLEMENTATIONS = YES;
				CLANG_WARN_DIRECT_OBJC_ISA_USAGE = YES_ERROR;
				CLANG_WARN_DOCUMENTATION_COMMENTS = YES;
				CLANG_WARN_EMPTY_BODY = YES;
				CLANG_WARN_ENUM_CONVERSION = YES;
				CLANG_WARN_INFINITE_RECURSION = YES;
				CLANG_WARN_INT_CONVERSION = YES;
				CLANG_WARN_NON_LITERAL_NULL_CONVERSION = YES;
				CLANG_WARN_OBJC_IMPLICIT_RETAIN_SELF = YES;
				CLANG_WARN_OBJC_LITERAL_CONVERSION = YES;
				CLANG_WARN_OBJC_ROOT_CLASS = YES_ERROR;
				CLANG_WARN_QUOTED_INCLUDE_IN_FRAMEWORK_HEADER = YES;
				CLANG_WARN_RANGE_LOOP_ANALYSIS = YES;
				CLANG_WARN_STRICT_PROTOTYPES = YES;
				CLANG_WARN_SUSPICIOUS_MOVE = YES;
				CLANG_WARN_UNGUARDED_AVAILABILITY = YES_AGGRESSIVE;
				CLANG_WARN_UNREACHABLE_CODE = YES;
				CLANG_WARN__DUPLICATE_METHOD_MATCH = YES;
				COPY_PHASE_STRIP = NO;
				DEBUG_INFORMATION_FORMAT = dwarf;
				ENABLE_STRICT_OBJC_MSGSEND = YES;
				ENABLE_TESTABILITY = YES;
				GCC_C_LANGUAGE_STANDARD = gnu11;
				GCC_DYNAMIC_NO_PIC = NO;
				GCC_NO_COMMON_BLOCKS = YES;
				GCC_OPTIMIZATION_LEVEL = 0;
				GCC_PREPROCESSOR_DEFINITIONS = (
					"DEBUG=1",
					"$(inherited)",
				);
				GCC_WARN_64_TO_32_BIT_CONVERSION = YES;
				GCC_WARN_ABOUT_RETURN_TYPE = YES_ERROR;
				GCC_WARN_UNDECLARED_SELECTOR = YES;
				GCC_WARN_UNINITIALIZED_AUTOS = YES_AGGRESSIVE;
				GCC_WARN_UNUSED_FUNCTION = YES;
				GCC_WARN_UNUSED_VARIABLE = YES;
				IPHONEOS_DEPLOYMENT_TARGET = 15.4;
				MTL_ENABLE_DEBUG_INFO = INCLUDE_SOURCE;
				MTL_FAST_MATH = YES;
				ONLY_ACTIVE_ARCH = YES;
				SDKROOT = iphoneos;
				SWIFT_ACTIVE_COMPILATION_CONDITIONS = DEBUG;
				SWIFT_OPTIMIZATION_LEVEL = "-Onone";
			};
			name = Debug;
		};
		EA9E6BD827FCB94100101170 /* Release */ = {
			isa = XCBuildConfiguration;
			buildSettings = {
				ALWAYS_SEARCH_USER_PATHS = NO;
				CLANG_ANALYZER_NONNULL = YES;
				CLANG_ANALYZER_NUMBER_OBJECT_CONVERSION = YES_AGGRESSIVE;
				CLANG_CXX_LANGUAGE_STANDARD = "gnu++17";
				CLANG_ENABLE_MODULES = YES;
				CLANG_ENABLE_OBJC_ARC = YES;
				CLANG_ENABLE_OBJC_WEAK = YES;
				CLANG_WARN_BLOCK_CAPTURE_AUTORELEASING = YES;
				CLANG_WARN_BOOL_CONVERSION = YES;
				CLANG_WARN_COMMA = YES;
				CLANG_WARN_CONSTANT_CONVERSION = YES;
				CLANG_WARN_DEPRECATED_OBJC_IMPLEMENTATIONS = YES;
				CLANG_WARN_DIRECT_OBJC_ISA_USAGE = YES_ERROR;
				CLANG_WARN_DOCUMENTATION_COMMENTS = YES;
				CLANG_WARN_EMPTY_BODY = YES;
				CLANG_WARN_ENUM_CONVERSION = YES;
				CLANG_WARN_INFINITE_RECURSION = YES;
				CLANG_WARN_INT_CONVERSION = YES;
				CLANG_WARN_NON_LITERAL_NULL_CONVERSION = YES;
				CLANG_WARN_OBJC_IMPLICIT_RETAIN_SELF = YES;
				CLANG_WARN_OBJC_LITERAL_CONVERSION = YES;
				CLANG_WARN_OBJC_ROOT_CLASS = YES_ERROR;
				CLANG_WARN_QUOTED_INCLUDE_IN_FRAMEWORK_HEADER = YES;
				CLANG_WARN_RANGE_LOOP_ANALYSIS = YES;
				CLANG_WARN_STRICT_PROTOTYPES = YES;
				CLANG_WARN_SUSPICIOUS_MOVE = YES;
				CLANG_WARN_UNGUARDED_AVAILABILITY = YES_AGGRESSIVE;
				CLANG_WARN_UNREACHABLE_CODE = YES;
				CLANG_WARN__DUPLICATE_METHOD_MATCH = YES;
				COPY_PHASE_STRIP = NO;
				DEBUG_INFORMATION_FORMAT = "dwarf-with-dsym";
				ENABLE_NS_ASSERTIONS = NO;
				ENABLE_STRICT_OBJC_MSGSEND = YES;
				GCC_C_LANGUAGE_STANDARD = gnu11;
				GCC_NO_COMMON_BLOCKS = YES;
				GCC_WARN_64_TO_32_BIT_CONVERSION = YES;
				GCC_WARN_ABOUT_RETURN_TYPE = YES_ERROR;
				GCC_WARN_UNDECLARED_SELECTOR = YES;
				GCC_WARN_UNINITIALIZED_AUTOS = YES_AGGRESSIVE;
				GCC_WARN_UNUSED_FUNCTION = YES;
				GCC_WARN_UNUSED_VARIABLE = YES;
				IPHONEOS_DEPLOYMENT_TARGET = 15.4;
				MTL_ENABLE_DEBUG_INFO = NO;
				MTL_FAST_MATH = YES;
				SDKROOT = iphoneos;
				SWIFT_COMPILATION_MODE = wholemodule;
				SWIFT_OPTIMIZATION_LEVEL = "-O";
				VALIDATE_PRODUCT = YES;
			};
			name = Release;
		};
		EA9E6BDA27FCB94100101170 /* Debug */ = {
			isa = XCBuildConfiguration;
			baseConfigurationReference = F5C82A3A81D808E813941DB8 /* Pods-SociaLight.debug.xcconfig */;
			buildSettings = {
				ASSETCATALOG_COMPILER_APPICON_NAME = AppIcon;
				ASSETCATALOG_COMPILER_GLOBAL_ACCENT_COLOR_NAME = AccentColor;
				CODE_SIGN_STYLE = Automatic;
				CURRENT_PROJECT_VERSION = 1;
				DEVELOPMENT_TEAM = 5AVUQBRUWT;
				GENERATE_INFOPLIST_FILE = YES;
				INFOPLIST_FILE = SociaLight/Info.plist;
				INFOPLIST_KEY_NSCameraUsageDescription = "Please allow access to camera to take photo";
				INFOPLIST_KEY_NSMicrophoneUsageDescription = "Please allow access to microfon to record audio";
				INFOPLIST_KEY_NSPhotoLibraryUsageDescription = "Please allow access to photos to select Profile and Group images";
				INFOPLIST_KEY_UIApplicationSupportsIndirectInputEvents = YES;
				INFOPLIST_KEY_UILaunchStoryboardName = LaunchScreen;
				INFOPLIST_KEY_UIMainStoryboardFile = Main;
				INFOPLIST_KEY_UISupportedInterfaceOrientations = UIInterfaceOrientationPortrait;
				INFOPLIST_KEY_UISupportedInterfaceOrientations_iPad = "UIInterfaceOrientationPortrait UIInterfaceOrientationPortraitUpsideDown UIInterfaceOrientationLandscapeLeft UIInterfaceOrientationLandscapeRight";
				INFOPLIST_KEY_UISupportedInterfaceOrientations_iPhone = UIInterfaceOrientationPortrait;
				INFOPLIST_KEY_UIUserInterfaceStyle = Light;
				IPHONEOS_DEPLOYMENT_TARGET = 15.4;
				LD_RUNPATH_SEARCH_PATHS = (
					"$(inherited)",
					"@executable_path/Frameworks",
				);
				MARKETING_VERSION = 1.0;
				PRODUCT_BUNDLE_IDENTIFIER = asurg17.SociaLight;
				PRODUCT_NAME = "$(TARGET_NAME)";
				SWIFT_EMIT_LOC_STRINGS = YES;
				SWIFT_VERSION = 5.0;
				TARGETED_DEVICE_FAMILY = 1;
			};
			name = Debug;
		};
		EA9E6BDB27FCB94100101170 /* Release */ = {
			isa = XCBuildConfiguration;
			baseConfigurationReference = 02F2774E4532FB5D866A1FE7 /* Pods-SociaLight.release.xcconfig */;
			buildSettings = {
				ASSETCATALOG_COMPILER_APPICON_NAME = AppIcon;
				ASSETCATALOG_COMPILER_GLOBAL_ACCENT_COLOR_NAME = AccentColor;
				CODE_SIGN_STYLE = Automatic;
				CURRENT_PROJECT_VERSION = 1;
				DEVELOPMENT_TEAM = 5AVUQBRUWT;
				GENERATE_INFOPLIST_FILE = YES;
				INFOPLIST_FILE = SociaLight/Info.plist;
				INFOPLIST_KEY_NSCameraUsageDescription = "Please allow access to camera to take photo";
				INFOPLIST_KEY_NSMicrophoneUsageDescription = "Please allow access to microfon to record audio";
				INFOPLIST_KEY_NSPhotoLibraryUsageDescription = "Please allow access to photos to select Profile and Group images";
				INFOPLIST_KEY_UIApplicationSupportsIndirectInputEvents = YES;
				INFOPLIST_KEY_UILaunchStoryboardName = LaunchScreen;
				INFOPLIST_KEY_UIMainStoryboardFile = Main;
				INFOPLIST_KEY_UISupportedInterfaceOrientations = UIInterfaceOrientationPortrait;
				INFOPLIST_KEY_UISupportedInterfaceOrientations_iPad = "UIInterfaceOrientationPortrait UIInterfaceOrientationPortraitUpsideDown UIInterfaceOrientationLandscapeLeft UIInterfaceOrientationLandscapeRight";
				INFOPLIST_KEY_UISupportedInterfaceOrientations_iPhone = UIInterfaceOrientationPortrait;
				INFOPLIST_KEY_UIUserInterfaceStyle = Light;
				IPHONEOS_DEPLOYMENT_TARGET = 15.4;
				LD_RUNPATH_SEARCH_PATHS = (
					"$(inherited)",
					"@executable_path/Frameworks",
				);
				MARKETING_VERSION = 1.0;
				PRODUCT_BUNDLE_IDENTIFIER = asurg17.SociaLight;
				PRODUCT_NAME = "$(TARGET_NAME)";
				SWIFT_EMIT_LOC_STRINGS = YES;
				SWIFT_VERSION = 5.0;
				TARGETED_DEVICE_FAMILY = 1;
			};
			name = Release;
		};
/* End XCBuildConfiguration section */

/* Begin XCConfigurationList section */
		EA9E6BBD27FCB93E00101170 /* Build configuration list for PBXProject "SociaLight" */ = {
			isa = XCConfigurationList;
			buildConfigurations = (
				EA9E6BD727FCB94100101170 /* Debug */,
				EA9E6BD827FCB94100101170 /* Release */,
			);
			defaultConfigurationIsVisible = 0;
			defaultConfigurationName = Release;
		};
		EA9E6BD927FCB94100101170 /* Build configuration list for PBXNativeTarget "SociaLight" */ = {
			isa = XCConfigurationList;
			buildConfigurations = (
				EA9E6BDA27FCB94100101170 /* Debug */,
				EA9E6BDB27FCB94100101170 /* Release */,
			);
			defaultConfigurationIsVisible = 0;
			defaultConfigurationName = Release;
		};
/* End XCConfigurationList section */

/* Begin XCVersionGroup section */
		EA9E6BCE27FCB93E00101170 /* SociaLight.xcdatamodeld */ = {
			isa = XCVersionGroup;
			children = (
				EA9E6BCF27FCB93E00101170 /* SociaLight.xcdatamodel */,
			);
			currentVersion = EA9E6BCF27FCB93E00101170 /* SociaLight.xcdatamodel */;
			path = SociaLight.xcdatamodeld;
			sourceTree = "<group>";
			versionGroupType = wrapper.xcdatamodel;
		};
/* End XCVersionGroup section */
	};
	rootObject = EA9E6BBA27FCB93E00101170 /* Project object */;
}
