// !$*UTF8*$!
{
	archiveVersion = 1;
	classes = {
	};
	objectVersion = 55;
	objects = {

/* Begin PBXBuildFile section */
		EA06AE7C282D56B200D84D7A /* RoundUIImageView.swift in Sources */ = {isa = PBXBuildFile; fileRef = EA06AE7B282D56B200D84D7A /* RoundUIImageView.swift */; };
		EA6B195B283163670042B65B /* ChangePasswordPopupController.swift in Sources */ = {isa = PBXBuildFile; fileRef = EA6B195A283163670042B65B /* ChangePasswordPopupController.swift */; };
		EA6B195E2831789A0042B65B /* PersonalInfoPopupController.swift in Sources */ = {isa = PBXBuildFile; fileRef = EA6B195D2831789A0042B65B /* PersonalInfoPopupController.swift */; };
		EA6C5A80281D724F00721D7F /* Service.swift in Sources */ = {isa = PBXBuildFile; fileRef = EA6C5A7F281D724F00721D7F /* Service.swift */; };
		EA6C5A82281FD13500721D7F /* MainPageController.swift in Sources */ = {isa = PBXBuildFile; fileRef = EA6C5A81281FD13400721D7F /* MainPageController.swift */; };
		EA6C5A85281FD19000721D7F /* ProfilePageController.swift in Sources */ = {isa = PBXBuildFile; fileRef = EA6C5A84281FD19000721D7F /* ProfilePageController.swift */; };
		EA9A47A628159280006F8409 /* SignUpPageController.swift in Sources */ = {isa = PBXBuildFile; fileRef = EA9A47A528159280006F8409 /* SignUpPageController.swift */; };
		EA9A47B22815A391006F8409 /* DesignableUITextField.swift in Sources */ = {isa = PBXBuildFile; fileRef = EA9A47B12815A391006F8409 /* DesignableUITextField.swift */; };
		EA9A47C22815B45B006F8409 /* CustomTextFieldOuterView.swift in Sources */ = {isa = PBXBuildFile; fileRef = EA9A47C12815B45B006F8409 /* CustomTextFieldOuterView.swift */; };
		EA9A47C42817295C006F8409 /* Extensions.swift in Sources */ = {isa = PBXBuildFile; fileRef = EA9A47C32817295B006F8409 /* Extensions.swift */; };
		EA9E6BC627FCB93E00101170 /* AppDelegate.swift in Sources */ = {isa = PBXBuildFile; fileRef = EA9E6BC527FCB93E00101170 /* AppDelegate.swift */; };
		EA9E6BC827FCB93E00101170 /* SceneDelegate.swift in Sources */ = {isa = PBXBuildFile; fileRef = EA9E6BC727FCB93E00101170 /* SceneDelegate.swift */; };
		EA9E6BCA27FCB93E00101170 /* SignInPageController.swift in Sources */ = {isa = PBXBuildFile; fileRef = EA9E6BC927FCB93E00101170 /* SignInPageController.swift */; };
		EA9E6BCD27FCB93E00101170 /* Main.storyboard in Resources */ = {isa = PBXBuildFile; fileRef = EA9E6BCB27FCB93E00101170 /* Main.storyboard */; };
		EA9E6BD027FCB93E00101170 /* SociaLight.xcdatamodeld in Sources */ = {isa = PBXBuildFile; fileRef = EA9E6BCE27FCB93E00101170 /* SociaLight.xcdatamodeld */; };
		EA9E6BD227FCB94100101170 /* Assets.xcassets in Resources */ = {isa = PBXBuildFile; fileRef = EA9E6BD127FCB94100101170 /* Assets.xcassets */; };
		EA9E6BD527FCB94100101170 /* LaunchScreen.storyboard in Resources */ = {isa = PBXBuildFile; fileRef = EA9E6BD327FCB94100101170 /* LaunchScreen.storyboard */; };
		EABCC6622826A4410098EDCA /* TabBarController.swift in Sources */ = {isa = PBXBuildFile; fileRef = EABCC6612826A4410098EDCA /* TabBarController.swift */; };
		EADFCF6F283115D50025EEA6 /* Entities.swift in Sources */ = {isa = PBXBuildFile; fileRef = EADFCF6E283115D50025EEA6 /* Entities.swift */; };
		F21DA156E41A52151EC9B022 /* Pods_SociaLight.framework in Frameworks */ = {isa = PBXBuildFile; fileRef = F1BC7C4C89B91A205EEBBDFE /* Pods_SociaLight.framework */; };
/* End PBXBuildFile section */

/* Begin PBXFileReference section */
		02F2774E4532FB5D866A1FE7 /* Pods-SociaLight.release.xcconfig */ = {isa = PBXFileReference; includeInIndex = 1; lastKnownFileType = text.xcconfig; name = "Pods-SociaLight.release.xcconfig"; path = "Target Support Files/Pods-SociaLight/Pods-SociaLight.release.xcconfig"; sourceTree = "<group>"; };
		EA06AE7B282D56B200D84D7A /* RoundUIImageView.swift */ = {isa = PBXFileReference; lastKnownFileType = sourcecode.swift; path = RoundUIImageView.swift; sourceTree = "<group>"; };
		EA6B195A283163670042B65B /* ChangePasswordPopupController.swift */ = {isa = PBXFileReference; lastKnownFileType = sourcecode.swift; path = ChangePasswordPopupController.swift; sourceTree = "<group>"; };
		EA6B195D2831789A0042B65B /* PersonalInfoPopupController.swift */ = {isa = PBXFileReference; lastKnownFileType = sourcecode.swift; path = PersonalInfoPopupController.swift; sourceTree = "<group>"; };
		EA6C5A7F281D724F00721D7F /* Service.swift */ = {isa = PBXFileReference; lastKnownFileType = sourcecode.swift; path = Service.swift; sourceTree = "<group>"; };
		EA6C5A81281FD13400721D7F /* MainPageController.swift */ = {isa = PBXFileReference; lastKnownFileType = sourcecode.swift; path = MainPageController.swift; sourceTree = "<group>"; };
		EA6C5A84281FD19000721D7F /* ProfilePageController.swift */ = {isa = PBXFileReference; lastKnownFileType = sourcecode.swift; path = ProfilePageController.swift; sourceTree = "<group>"; };
		EA9A47A528159280006F8409 /* SignUpPageController.swift */ = {isa = PBXFileReference; lastKnownFileType = sourcecode.swift; path = SignUpPageController.swift; sourceTree = "<group>"; };
		EA9A47B12815A391006F8409 /* DesignableUITextField.swift */ = {isa = PBXFileReference; lastKnownFileType = sourcecode.swift; path = DesignableUITextField.swift; sourceTree = "<group>"; };
		EA9A47C12815B45B006F8409 /* CustomTextFieldOuterView.swift */ = {isa = PBXFileReference; lastKnownFileType = sourcecode.swift; path = CustomTextFieldOuterView.swift; sourceTree = "<group>"; };
		EA9A47C32817295B006F8409 /* Extensions.swift */ = {isa = PBXFileReference; lastKnownFileType = sourcecode.swift; path = Extensions.swift; sourceTree = "<group>"; };
		EA9E6BC227FCB93E00101170 /* SociaLight.app */ = {isa = PBXFileReference; explicitFileType = wrapper.application; includeInIndex = 0; path = SociaLight.app; sourceTree = BUILT_PRODUCTS_DIR; };
		EA9E6BC527FCB93E00101170 /* AppDelegate.swift */ = {isa = PBXFileReference; lastKnownFileType = sourcecode.swift; path = AppDelegate.swift; sourceTree = "<group>"; };
		EA9E6BC727FCB93E00101170 /* SceneDelegate.swift */ = {isa = PBXFileReference; lastKnownFileType = sourcecode.swift; path = SceneDelegate.swift; sourceTree = "<group>"; };
		EA9E6BC927FCB93E00101170 /* SignInPageController.swift */ = {isa = PBXFileReference; lastKnownFileType = sourcecode.swift; path = SignInPageController.swift; sourceTree = "<group>"; };
		EA9E6BCC27FCB93E00101170 /* Base */ = {isa = PBXFileReference; lastKnownFileType = file.storyboard; name = Base; path = Base.lproj/Main.storyboard; sourceTree = "<group>"; };
		EA9E6BCF27FCB93E00101170 /* SociaLight.xcdatamodel */ = {isa = PBXFileReference; lastKnownFileType = wrapper.xcdatamodel; path = SociaLight.xcdatamodel; sourceTree = "<group>"; };
		EA9E6BD127FCB94100101170 /* Assets.xcassets */ = {isa = PBXFileReference; lastKnownFileType = folder.assetcatalog; path = Assets.xcassets; sourceTree = "<group>"; };
		EA9E6BD427FCB94100101170 /* Base */ = {isa = PBXFileReference; lastKnownFileType = file.storyboard; name = Base; path = Base.lproj/LaunchScreen.storyboard; sourceTree = "<group>"; };
		EA9E6BD627FCB94100101170 /* Info.plist */ = {isa = PBXFileReference; lastKnownFileType = text.plist.xml; path = Info.plist; sourceTree = "<group>"; };
		EABCC6612826A4410098EDCA /* TabBarController.swift */ = {isa = PBXFileReference; lastKnownFileType = sourcecode.swift; path = TabBarController.swift; sourceTree = "<group>"; };
		EADFCF6E283115D50025EEA6 /* Entities.swift */ = {isa = PBXFileReference; lastKnownFileType = sourcecode.swift; path = Entities.swift; sourceTree = "<group>"; };
		F1BC7C4C89B91A205EEBBDFE /* Pods_SociaLight.framework */ = {isa = PBXFileReference; explicitFileType = wrapper.framework; includeInIndex = 0; path = Pods_SociaLight.framework; sourceTree = BUILT_PRODUCTS_DIR; };
		F5C82A3A81D808E813941DB8 /* Pods-SociaLight.debug.xcconfig */ = {isa = PBXFileReference; includeInIndex = 1; lastKnownFileType = text.xcconfig; name = "Pods-SociaLight.debug.xcconfig"; path = "Target Support Files/Pods-SociaLight/Pods-SociaLight.debug.xcconfig"; sourceTree = "<group>"; };
/* End PBXFileReference section */

/* Begin PBXFrameworksBuildPhase section */
		EA9E6BBF27FCB93E00101170 /* Frameworks */ = {
			isa = PBXFrameworksBuildPhase;
			buildActionMask = 2147483647;
			files = (
				F21DA156E41A52151EC9B022 /* Pods_SociaLight.framework in Frameworks */,
			);
			runOnlyForDeploymentPostprocessing = 0;
		};
/* End PBXFrameworksBuildPhase section */

/* Begin PBXGroup section */
		48D5B1C6C6B5535CEC7D2FDA /* Frameworks */ = {
			isa = PBXGroup;
			children = (
				F1BC7C4C89B91A205EEBBDFE /* Pods_SociaLight.framework */,
			);
			name = Frameworks;
			sourceTree = "<group>";
		};
		EA3DB8BC59679CE3D7B93FCC /* Pods */ = {
			isa = PBXGroup;
			children = (
				F5C82A3A81D808E813941DB8 /* Pods-SociaLight.debug.xcconfig */,
				02F2774E4532FB5D866A1FE7 /* Pods-SociaLight.release.xcconfig */,
			);
			path = Pods;
			sourceTree = "<group>";
		};
		EA6B195C283178450042B65B /* PopupControllers */ = {
			isa = PBXGroup;
			children = (
				EA6B195A283163670042B65B /* ChangePasswordPopupController.swift */,
				EA6B195D2831789A0042B65B /* PersonalInfoPopupController.swift */,
			);
			path = PopupControllers;
			sourceTree = "<group>";
		};
		EA6C5A7D281D6CC100721D7F /* ReusableViews */ = {
			isa = PBXGroup;
			children = (
				EA9A47B12815A391006F8409 /* DesignableUITextField.swift */,
				EA9A47C12815B45B006F8409 /* CustomTextFieldOuterView.swift */,
				EA06AE7B282D56B200D84D7A /* RoundUIImageView.swift */,
			);
			path = ReusableViews;
			sourceTree = "<group>";
		};
		EA6C5A7E281D723A00721D7F /* Services */ = {
			isa = PBXGroup;
			children = (
				EA6C5A7F281D724F00721D7F /* Service.swift */,
			);
			path = Services;
			sourceTree = "<group>";
		};
		EA9A47A42815922A006F8409 /* Controllers */ = {
			isa = PBXGroup;
			children = (
				EA6B195C283178450042B65B /* PopupControllers */,
				EA9E6BC927FCB93E00101170 /* SignInPageController.swift */,
				EA9A47A528159280006F8409 /* SignUpPageController.swift */,
				EA6C5A81281FD13400721D7F /* MainPageController.swift */,
				EA6C5A84281FD19000721D7F /* ProfilePageController.swift */,
				EABCC6612826A4410098EDCA /* TabBarController.swift */,
			);
			path = Controllers;
			sourceTree = "<group>";
		};
		EA9A47A728159A36006F8409 /* SharedExtensions */ = {
			isa = PBXGroup;
			children = (
				EA9A47C32817295B006F8409 /* Extensions.swift */,
			);
			path = SharedExtensions;
			sourceTree = "<group>";
		};
		EA9E6BB927FCB93E00101170 = {
			isa = PBXGroup;
			children = (
				EA9E6BC427FCB93E00101170 /* SociaLight */,
				EA9E6BC327FCB93E00101170 /* Products */,
				EA3DB8BC59679CE3D7B93FCC /* Pods */,
				48D5B1C6C6B5535CEC7D2FDA /* Frameworks */,
			);
			sourceTree = "<group>";
		};
		EA9E6BC327FCB93E00101170 /* Products */ = {
			isa = PBXGroup;
			children = (
				EA9E6BC227FCB93E00101170 /* SociaLight.app */,
			);
			name = Products;
			sourceTree = "<group>";
		};
		EA9E6BC427FCB93E00101170 /* SociaLight */ = {
			isa = PBXGroup;
			children = (
				EADFCF6D283115C80025EEA6 /* Entities */,
				EA9A47A728159A36006F8409 /* SharedExtensions */,
				EA6C5A7D281D6CC100721D7F /* ReusableViews */,
				EA6C5A7E281D723A00721D7F /* Services */,
				EA9A47A42815922A006F8409 /* Controllers */,
				EA9E6BC527FCB93E00101170 /* AppDelegate.swift */,
				EA9E6BC727FCB93E00101170 /* SceneDelegate.swift */,
				EA9E6BCB27FCB93E00101170 /* Main.storyboard */,
				EA9E6BD127FCB94100101170 /* Assets.xcassets */,
				EA9E6BD327FCB94100101170 /* LaunchScreen.storyboard */,
				EA9E6BD627FCB94100101170 /* Info.plist */,
				EA9E6BCE27FCB93E00101170 /* SociaLight.xcdatamodeld */,
			);
			path = SociaLight;
			sourceTree = "<group>";
		};
		EADFCF6D283115C80025EEA6 /* Entities */ = {
			isa = PBXGroup;
			children = (
				EADFCF6E283115D50025EEA6 /* Entities.swift */,
			);
			path = Entities;
			sourceTree = "<group>";
		};
/* End PBXGroup section */

/* Begin PBXNativeTarget section */
		EA9E6BC127FCB93E00101170 /* SociaLight */ = {
			isa = PBXNativeTarget;
			buildConfigurationList = EA9E6BD927FCB94100101170 /* Build configuration list for PBXNativeTarget "SociaLight" */;
			buildPhases = (
				07BCC248CD7C3EF1A8F82DF5 /* [CP] Check Pods Manifest.lock */,
				EA9E6BBE27FCB93E00101170 /* Sources */,
				EA9E6BBF27FCB93E00101170 /* Frameworks */,
				EA9E6BC027FCB93E00101170 /* Resources */,
				750BF9F0D0673A2070DDC658 /* [CP] Embed Pods Frameworks */,
			);
			buildRules = (
			);
			dependencies = (
			);
			name = SociaLight;
			productName = SociaLight;
			productReference = EA9E6BC227FCB93E00101170 /* SociaLight.app */;
			productType = "com.apple.product-type.application";
		};
/* End PBXNativeTarget section */

/* Begin PBXProject section */
		EA9E6BBA27FCB93E00101170 /* Project object */ = {
			isa = PBXProject;
			attributes = {
				BuildIndependentTargetsInParallel = 1;
				LastSwiftUpdateCheck = 1330;
				LastUpgradeCheck = 1330;
				TargetAttributes = {
					EA9E6BC127FCB93E00101170 = {
						CreatedOnToolsVersion = 13.3;
					};
				};
			};
			buildConfigurationList = EA9E6BBD27FCB93E00101170 /* Build configuration list for PBXProject "SociaLight" */;
			compatibilityVersion = "Xcode 13.0";
			developmentRegion = en;
			hasScannedForEncodings = 0;
			knownRegions = (
				en,
				Base,
			);
			mainGroup = EA9E6BB927FCB93E00101170;
			productRefGroup = EA9E6BC327FCB93E00101170 /* Products */;
			projectDirPath = "";
			projectRoot = "";
			targets = (
				EA9E6BC127FCB93E00101170 /* SociaLight */,
			);
		};
/* End PBXProject section */

/* Begin PBXResourcesBuildPhase section */
		EA9E6BC027FCB93E00101170 /* Resources */ = {
			isa = PBXResourcesBuildPhase;
			buildActionMask = 2147483647;
			files = (
				EA9E6BD527FCB94100101170 /* LaunchScreen.storyboard in Resources */,
				EA9E6BD227FCB94100101170 /* Assets.xcassets in Resources */,
				EA9E6BCD27FCB93E00101170 /* Main.storyboard in Resources */,
			);
			runOnlyForDeploymentPostprocessing = 0;
		};
/* End PBXResourcesBuildPhase section */

/* Begin PBXShellScriptBuildPhase section */
		07BCC248CD7C3EF1A8F82DF5 /* [CP] Check Pods Manifest.lock */ = {
			isa = PBXShellScriptBuildPhase;
			buildActionMask = 2147483647;
			files = (
			);
			inputFileListPaths = (
			);
			inputPaths = (
				"${PODS_PODFILE_DIR_PATH}/Podfile.lock",
				"${PODS_ROOT}/Manifest.lock",
			);
			name = "[CP] Check Pods Manifest.lock";
			outputFileListPaths = (
			);
			outputPaths = (
				"$(DERIVED_FILE_DIR)/Pods-SociaLight-checkManifestLockResult.txt",
			);
			runOnlyForDeploymentPostprocessing = 0;
			shellPath = /bin/sh;
			shellScript = "diff \"${PODS_PODFILE_DIR_PATH}/Podfile.lock\" \"${PODS_ROOT}/Manifest.lock\" > /dev/null\nif [ $? != 0 ] ; then\n    # print error to STDERR\n    echo \"error: The sandbox is not in sync with the Podfile.lock. Run 'pod install' or update your CocoaPods installation.\" >&2\n    exit 1\nfi\n# This output is used by Xcode 'outputs' to avoid re-running this script phase.\necho \"SUCCESS\" > \"${SCRIPT_OUTPUT_FILE_0}\"\n";
			showEnvVarsInLog = 0;
		};
		750BF9F0D0673A2070DDC658 /* [CP] Embed Pods Frameworks */ = {
			isa = PBXShellScriptBuildPhase;
			buildActionMask = 2147483647;
			files = (
			);
			inputFileListPaths = (
				"${PODS_ROOT}/Target Support Files/Pods-SociaLight/Pods-SociaLight-frameworks-${CONFIGURATION}-input-files.xcfilelist",
			);
			name = "[CP] Embed Pods Frameworks";
			outputFileListPaths = (
				"${PODS_ROOT}/Target Support Files/Pods-SociaLight/Pods-SociaLight-frameworks-${CONFIGURATION}-output-files.xcfilelist",
			);
			runOnlyForDeploymentPostprocessing = 0;
			shellPath = /bin/sh;
			shellScript = "\"${PODS_ROOT}/Target Support Files/Pods-SociaLight/Pods-SociaLight-frameworks.sh\"\n";
			showEnvVarsInLog = 0;
		};
/* End PBXShellScriptBuildPhase section */

/* Begin PBXSourcesBuildPhase section */
		EA9E6BBE27FCB93E00101170 /* Sources */ = {
			isa = PBXSourcesBuildPhase;
			buildActionMask = 2147483647;
			files = (
				EA9E6BCA27FCB93E00101170 /* SignInPageController.swift in Sources */,
				EA9A47C22815B45B006F8409 /* CustomTextFieldOuterView.swift in Sources */,
				EA9A47A628159280006F8409 /* SignUpPageController.swift in Sources */,
				EA6B195E2831789A0042B65B /* PersonalInfoPopupController.swift in Sources */,
				EA9A47C42817295C006F8409 /* Extensions.swift in Sources */,
				EADFCF6F283115D50025EEA6 /* Entities.swift in Sources */,
				EA6B195B283163670042B65B /* ChangePasswordPopupController.swift in Sources */,
				EA9E6BC627FCB93E00101170 /* AppDelegate.swift in Sources */,
				EA6C5A82281FD13500721D7F /* MainPageController.swift in Sources */,
				EA6C5A85281FD19000721D7F /* ProfilePageController.swift in Sources */,
				EA6C5A80281D724F00721D7F /* Service.swift in Sources */,
				EA9A47B22815A391006F8409 /* DesignableUITextField.swift in Sources */,
				EABCC6622826A4410098EDCA /* TabBarController.swift in Sources */,
				EA06AE7C282D56B200D84D7A /* RoundUIImageView.swift in Sources */,
				EA9E6BD027FCB93E00101170 /* SociaLight.xcdatamodeld in Sources */,
				EA9E6BC827FCB93E00101170 /* SceneDelegate.swift in Sources */,
			);
			runOnlyForDeploymentPostprocessing = 0;
		};
/* End PBXSourcesBuildPhase section */

/* Begin PBXVariantGroup section */
		EA9E6BCB27FCB93E00101170 /* Main.storyboard */ = {
			isa = PBXVariantGroup;
			children = (
				EA9E6BCC27FCB93E00101170 /* Base */,
			);
			name = Main.storyboard;
			sourceTree = "<group>";
		};
		EA9E6BD327FCB94100101170 /* LaunchScreen.storyboard */ = {
			isa = PBXVariantGroup;
			children = (
				EA9E6BD427FCB94100101170 /* Base */,
			);
			name = LaunchScreen.storyboard;
			sourceTree = "<group>";
		};
/* End PBXVariantGroup section */

/* Begin XCBuildConfiguration section */
		EA9E6BD727FCB94100101170 /* Debug */ = {
			isa = XCBuildConfiguration;
			buildSettings = {
				ALWAYS_SEARCH_USER_PATHS = NO;
				CLANG_ANALYZER_NONNULL = YES;
				CLANG_ANALYZER_NUMBER_OBJECT_CONVERSION = YES_AGGRESSIVE;
				CLANG_CXX_LANGUAGE_STANDARD = "gnu++17";
				CLANG_ENABLE_MODULES = YES;
				CLANG_ENABLE_OBJC_ARC = YES;
				CLANG_ENABLE_OBJC_WEAK = YES;
				CLANG_WARN_BLOCK_CAPTURE_AUTORELEASING = YES;
				CLANG_WARN_BOOL_CONVERSION = YES;
				CLANG_WARN_COMMA = YES;
				CLANG_WARN_CONSTANT_CONVERSION = YES;
				CLANG_WARN_DEPRECATED_OBJC_IMPLEMENTATIONS = YES;
				CLANG_WARN_DIRECT_OBJC_ISA_USAGE = YES_ERROR;
				CLANG_WARN_DOCUMENTATION_COMMENTS = YES;
				CLANG_WARN_EMPTY_BODY = YES;
				CLANG_WARN_ENUM_CONVERSION = YES;
				CLANG_WARN_INFINITE_RECURSION = YES;
				CLANG_WARN_INT_CONVERSION = YES;
				CLANG_WARN_NON_LITERAL_NULL_CONVERSION = YES;
				CLANG_WARN_OBJC_IMPLICIT_RETAIN_SELF = YES;
				CLANG_WARN_OBJC_LITERAL_CONVERSION = YES;
				CLANG_WARN_OBJC_ROOT_CLASS = YES_ERROR;
				CLANG_WARN_QUOTED_INCLUDE_IN_FRAMEWORK_HEADER = YES;
				CLANG_WARN_RANGE_LOOP_ANALYSIS = YES;
				CLANG_WARN_STRICT_PROTOTYPES = YES;
				CLANG_WARN_SUSPICIOUS_MOVE = YES;
				CLANG_WARN_UNGUARDED_AVAILABILITY = YES_AGGRESSIVE;
				CLANG_WARN_UNREACHABLE_CODE = YES;
				CLANG_WARN__DUPLICATE_METHOD_MATCH = YES;
				COPY_PHASE_STRIP = NO;
				DEBUG_INFORMATION_FORMAT = dwarf;
				ENABLE_STRICT_OBJC_MSGSEND = YES;
				ENABLE_TESTABILITY = YES;
				GCC_C_LANGUAGE_STANDARD = gnu11;
				GCC_DYNAMIC_NO_PIC = NO;
				GCC_NO_COMMON_BLOCKS = YES;
				GCC_OPTIMIZATION_LEVEL = 0;
				GCC_PREPROCESSOR_DEFINITIONS = (
					"DEBUG=1",
					"$(inherited)",
				);
				GCC_WARN_64_TO_32_BIT_CONVERSION = YES;
				GCC_WARN_ABOUT_RETURN_TYPE = YES_ERROR;
				GCC_WARN_UNDECLARED_SELECTOR = YES;
				GCC_WARN_UNINITIALIZED_AUTOS = YES_AGGRESSIVE;
				GCC_WARN_UNUSED_FUNCTION = YES;
				GCC_WARN_UNUSED_VARIABLE = YES;
				IPHONEOS_DEPLOYMENT_TARGET = 15.4;
				MTL_ENABLE_DEBUG_INFO = INCLUDE_SOURCE;
				MTL_FAST_MATH = YES;
				ONLY_ACTIVE_ARCH = YES;
				SDKROOT = iphoneos;
				SWIFT_ACTIVE_COMPILATION_CONDITIONS = DEBUG;
				SWIFT_OPTIMIZATION_LEVEL = "-Onone";
			};
			name = Debug;
		};
		EA9E6BD827FCB94100101170 /* Release */ = {
			isa = XCBuildConfiguration;
			buildSettings = {
				ALWAYS_SEARCH_USER_PATHS = NO;
				CLANG_ANALYZER_NONNULL = YES;
				CLANG_ANALYZER_NUMBER_OBJECT_CONVERSION = YES_AGGRESSIVE;
				CLANG_CXX_LANGUAGE_STANDARD = "gnu++17";
				CLANG_ENABLE_MODULES = YES;
				CLANG_ENABLE_OBJC_ARC = YES;
				CLANG_ENABLE_OBJC_WEAK = YES;
				CLANG_WARN_BLOCK_CAPTURE_AUTORELEASING = YES;
				CLANG_WARN_BOOL_CONVERSION = YES;
				CLANG_WARN_COMMA = YES;
				CLANG_WARN_CONSTANT_CONVERSION = YES;
				CLANG_WARN_DEPRECATED_OBJC_IMPLEMENTATIONS = YES;
				CLANG_WARN_DIRECT_OBJC_ISA_USAGE = YES_ERROR;
				CLANG_WARN_DOCUMENTATION_COMMENTS = YES;
				CLANG_WARN_EMPTY_BODY = YES;
				CLANG_WARN_ENUM_CONVERSION = YES;
				CLANG_WARN_INFINITE_RECURSION = YES;
				CLANG_WARN_INT_CONVERSION = YES;
				CLANG_WARN_NON_LITERAL_NULL_CONVERSION = YES;
				CLANG_WARN_OBJC_IMPLICIT_RETAIN_SELF = YES;
				CLANG_WARN_OBJC_LITERAL_CONVERSION = YES;
				CLANG_WARN_OBJC_ROOT_CLASS = YES_ERROR;
				CLANG_WARN_QUOTED_INCLUDE_IN_FRAMEWORK_HEADER = YES;
				CLANG_WARN_RANGE_LOOP_ANALYSIS = YES;
				CLANG_WARN_STRICT_PROTOTYPES = YES;
				CLANG_WARN_SUSPICIOUS_MOVE = YES;
				CLANG_WARN_UNGUARDED_AVAILABILITY = YES_AGGRESSIVE;
				CLANG_WARN_UNREACHABLE_CODE = YES;
				CLANG_WARN__DUPLICATE_METHOD_MATCH = YES;
				COPY_PHASE_STRIP = NO;
				DEBUG_INFORMATION_FORMAT = "dwarf-with-dsym";
				ENABLE_NS_ASSERTIONS = NO;
				ENABLE_STRICT_OBJC_MSGSEND = YES;
				GCC_C_LANGUAGE_STANDARD = gnu11;
				GCC_NO_COMMON_BLOCKS = YES;
				GCC_WARN_64_TO_32_BIT_CONVERSION = YES;
				GCC_WARN_ABOUT_RETURN_TYPE = YES_ERROR;
				GCC_WARN_UNDECLARED_SELECTOR = YES;
				GCC_WARN_UNINITIALIZED_AUTOS = YES_AGGRESSIVE;
				GCC_WARN_UNUSED_FUNCTION = YES;
				GCC_WARN_UNUSED_VARIABLE = YES;
				IPHONEOS_DEPLOYMENT_TARGET = 15.4;
				MTL_ENABLE_DEBUG_INFO = NO;
				MTL_FAST_MATH = YES;
				SDKROOT = iphoneos;
				SWIFT_COMPILATION_MODE = wholemodule;
				SWIFT_OPTIMIZATION_LEVEL = "-O";
				VALIDATE_PRODUCT = YES;
			};
			name = Release;
		};
		EA9E6BDA27FCB94100101170 /* Debug */ = {
			isa = XCBuildConfiguration;
			baseConfigurationReference = F5C82A3A81D808E813941DB8 /* Pods-SociaLight.debug.xcconfig */;
			buildSettings = {
				ASSETCATALOG_COMPILER_APPICON_NAME = AppIcon;
				ASSETCATALOG_COMPILER_GLOBAL_ACCENT_COLOR_NAME = AccentColor;
				CODE_SIGN_STYLE = Automatic;
				CURRENT_PROJECT_VERSION = 1;
				GENERATE_INFOPLIST_FILE = YES;
				INFOPLIST_FILE = SociaLight/Info.plist;
				INFOPLIST_KEY_UIApplicationSupportsIndirectInputEvents = YES;
				INFOPLIST_KEY_UILaunchStoryboardName = LaunchScreen;
				INFOPLIST_KEY_UIMainStoryboardFile = Main;
				INFOPLIST_KEY_UISupportedInterfaceOrientations_iPad = "UIInterfaceOrientationPortrait UIInterfaceOrientationPortraitUpsideDown UIInterfaceOrientationLandscapeLeft UIInterfaceOrientationLandscapeRight";
				INFOPLIST_KEY_UISupportedInterfaceOrientations_iPhone = "UIInterfaceOrientationPortrait UIInterfaceOrientationLandscapeLeft UIInterfaceOrientationLandscapeRight";
				LD_RUNPATH_SEARCH_PATHS = (
					"$(inherited)",
					"@executable_path/Frameworks",
				);
				MARKETING_VERSION = 1.0;
				PRODUCT_BUNDLE_IDENTIFIER = asurg17.SociaLight;
				PRODUCT_NAME = "$(TARGET_NAME)";
				SWIFT_EMIT_LOC_STRINGS = YES;
				SWIFT_VERSION = 5.0;
				TARGETED_DEVICE_FAMILY = "1,2";
			};
			name = Debug;
		};
		EA9E6BDB27FCB94100101170 /* Release */ = {
			isa = XCBuildConfiguration;
			baseConfigurationReference = 02F2774E4532FB5D866A1FE7 /* Pods-SociaLight.release.xcconfig */;
			buildSettings = {
				ASSETCATALOG_COMPILER_APPICON_NAME = AppIcon;
				ASSETCATALOG_COMPILER_GLOBAL_ACCENT_COLOR_NAME = AccentColor;
				CODE_SIGN_STYLE = Automatic;
				CURRENT_PROJECT_VERSION = 1;
				GENERATE_INFOPLIST_FILE = YES;
				INFOPLIST_FILE = SociaLight/Info.plist;
				INFOPLIST_KEY_UIApplicationSupportsIndirectInputEvents = YES;
				INFOPLIST_KEY_UILaunchStoryboardName = LaunchScreen;
				INFOPLIST_KEY_UIMainStoryboardFile = Main;
				INFOPLIST_KEY_UISupportedInterfaceOrientations_iPad = "UIInterfaceOrientationPortrait UIInterfaceOrientationPortraitUpsideDown UIInterfaceOrientationLandscapeLeft UIInterfaceOrientationLandscapeRight";
				INFOPLIST_KEY_UISupportedInterfaceOrientations_iPhone = "UIInterfaceOrientationPortrait UIInterfaceOrientationLandscapeLeft UIInterfaceOrientationLandscapeRight";
				LD_RUNPATH_SEARCH_PATHS = (
					"$(inherited)",
					"@executable_path/Frameworks",
				);
				MARKETING_VERSION = 1.0;
				PRODUCT_BUNDLE_IDENTIFIER = asurg17.SociaLight;
				PRODUCT_NAME = "$(TARGET_NAME)";
				SWIFT_EMIT_LOC_STRINGS = YES;
				SWIFT_VERSION = 5.0;
				TARGETED_DEVICE_FAMILY = "1,2";
			};
			name = Release;
		};
/* End XCBuildConfiguration section */

/* Begin XCConfigurationList section */
		EA9E6BBD27FCB93E00101170 /* Build configuration list for PBXProject "SociaLight" */ = {
			isa = XCConfigurationList;
			buildConfigurations = (
				EA9E6BD727FCB94100101170 /* Debug */,
				EA9E6BD827FCB94100101170 /* Release */,
			);
			defaultConfigurationIsVisible = 0;
			defaultConfigurationName = Release;
		};
		EA9E6BD927FCB94100101170 /* Build configuration list for PBXNativeTarget "SociaLight" */ = {
			isa = XCConfigurationList;
			buildConfigurations = (
				EA9E6BDA27FCB94100101170 /* Debug */,
				EA9E6BDB27FCB94100101170 /* Release */,
			);
			defaultConfigurationIsVisible = 0;
			defaultConfigurationName = Release;
		};
/* End XCConfigurationList section */

/* Begin XCVersionGroup section */
		EA9E6BCE27FCB93E00101170 /* SociaLight.xcdatamodeld */ = {
			isa = XCVersionGroup;
			children = (
				EA9E6BCF27FCB93E00101170 /* SociaLight.xcdatamodel */,
			);
			currentVersion = EA9E6BCF27FCB93E00101170 /* SociaLight.xcdatamodel */;
			path = SociaLight.xcdatamodeld;
			sourceTree = "<group>";
			versionGroupType = wrapper.xcdatamodel;
		};
/* End XCVersionGroup section */
	};
	rootObject = EA9E6BBA27FCB93E00101170 /* Project object */;
}
